{
  "version": 4,
  "terraform_version": "1.0.3",
  "serial": 6520,
  "lineage": "c5b7b813-ef0b-c0ef-e50a-0c987ac9bc44",
  "outputs": {
    "ec2": {
      "value": "demo-257674007.ap-northeast-2.elb.amazonaws.com",
      "type": "string"
    },
    "ip": {
      "value": "terraform-20220321134645108000000001.csqfm7ao5z48.ap-northeast-2.rds.amazonaws.com",
      "type": "string"
    },
    "nginx_url": {
      "value": "352485268054.dkr.ecr.ap-northeast-2.amazonaws.com/demo-nginx",
      "type": "string"
    },
    "php_fpm_url": {
      "value": "352485268054.dkr.ecr.ap-northeast-2.amazonaws.com/demo-php-fpm",
      "type": "string"
    }
  },
  "resources": [
    {
      "mode": "data",
      "type": "aws_ami",
      "name": "aws_optimized_ecs",
      "provider": "provider[\"registry.terraform.io/hashicorp/aws\"]",
      "instances": [
        {
          "schema_version": 0,
          "attributes": {
            "architecture": "x86_64",
            "arn": "arn:aws:ec2:ap-northeast-2::image/ami-0ef7a2936ae1e00cc",
            "block_device_mappings": [
              {
                "device_name": "/dev/xvda",
                "ebs": {
                  "delete_on_termination": "true",
                  "encrypted": "false",
                  "iops": "0",
                  "snapshot_id": "snap-0ddb22d9abbfd0e5d",
                  "throughput": "0",
                  "volume_size": "30",
                  "volume_type": "gp2"
                },
                "no_device": "",
                "virtual_name": ""
              }
            ],
            "creation_date": "2022-04-20T18:59:08.000Z",
            "description": "Amazon Linux AMI 2.0.20220421 x86_64 ECS HVM GP2",
            "ena_support": true,
            "executable_users": null,
            "filter": [
              {
                "name": "architecture",
                "values": [
                  "x86_64"
                ]
              },
              {
                "name": "name",
                "values": [
                  "amzn2-ami-ecs-hvm*"
                ]
              },
              {
                "name": "virtualization-type",
                "values": [
                  "hvm"
                ]
              }
            ],
            "hypervisor": "xen",
            "id": "ami-0ef7a2936ae1e00cc",
            "image_id": "ami-0ef7a2936ae1e00cc",
            "image_location": "amazon/amzn2-ami-ecs-hvm-2.0.20220421-x86_64-ebs",
            "image_owner_alias": "amazon",
            "image_type": "machine",
            "kernel_id": null,
            "most_recent": true,
            "name": "amzn2-ami-ecs-hvm-2.0.20220421-x86_64-ebs",
            "name_regex": null,
            "owner_id": "591542846629",
            "owners": [
              "amazon"
            ],
            "platform": null,
            "platform_details": "Linux/UNIX",
            "product_codes": [],
            "public": true,
            "ramdisk_id": null,
            "root_device_name": "/dev/xvda",
            "root_device_type": "ebs",
            "root_snapshot_id": "snap-0ddb22d9abbfd0e5d",
            "sriov_net_support": "simple",
            "state": "available",
            "state_reason": {
              "code": "UNSET",
              "message": "UNSET"
            },
            "tags": {},
            "usage_operation": "RunInstances",
            "virtualization_type": "hvm"
          },
          "sensitive_attributes": []
        }
      ]
    },
    {
      "mode": "data",
      "type": "aws_availability_zones",
      "name": "available",
      "provider": "provider[\"registry.terraform.io/hashicorp/aws\"]",
      "instances": [
        {
          "schema_version": 0,
          "attributes": {
            "all_availability_zones": null,
            "exclude_names": null,
            "exclude_zone_ids": null,
            "filter": null,
            "group_names": [
              "ap-northeast-2"
            ],
            "id": "ap-northeast-2",
            "names": [
              "ap-northeast-2a",
              "ap-northeast-2b",
              "ap-northeast-2c",
              "ap-northeast-2d"
            ],
            "state": null,
            "zone_ids": [
              "apne2-az1",
              "apne2-az2",
              "apne2-az3",
              "apne2-az4"
            ]
          },
          "sensitive_attributes": []
        }
      ]
    },
    {
      "mode": "data",
      "type": "aws_caller_identity",
      "name": "current",
      "provider": "provider[\"registry.terraform.io/hashicorp/aws\"]",
      "instances": [
        {
          "schema_version": 0,
          "attributes": {
            "account_id": "352485268054",
            "arn": "arn:aws:iam::352485268054:user/capstone22-ingang",
            "id": "352485268054",
            "user_id": "AIDAVEEOCLJLMTSZXN7OL"
          },
          "sensitive_attributes": []
        }
      ]
    },
    {
      "mode": "data",
      "type": "aws_iam_policy_document",
      "name": "demo-artifacts-kms-policy",
      "provider": "provider[\"registry.terraform.io/hashicorp/aws\"]",
      "instances": [
        {
          "schema_version": 0,
          "attributes": {
            "id": "89874854",
            "json": "{\n  \"Version\": \"2012-10-17\",\n  \"Id\": \"key-default-1\",\n  \"Statement\": [\n    {\n      \"Sid\": \"Enable IAM User Permissions\",\n      \"Effect\": \"Allow\",\n      \"Action\": \"kms:*\",\n      \"Resource\": \"*\",\n      \"Principal\": {\n        \"AWS\": \"arn:aws:iam::352485268054:root\"\n      }\n    }\n  ]\n}",
            "override_json": null,
            "override_policy_documents": null,
            "policy_id": "key-default-1",
            "source_json": null,
            "source_policy_documents": null,
            "statement": [
              {
                "actions": [
                  "kms:*"
                ],
                "condition": [],
                "effect": "Allow",
                "not_actions": [],
                "not_principals": [],
                "not_resources": [],
                "principals": [
                  {
                    "identifiers": [
                      "arn:aws:iam::352485268054:root"
                    ],
                    "type": "AWS"
                  }
                ],
                "resources": [
                  "*"
                ],
                "sid": "Enable IAM User Permissions"
              }
            ],
            "version": "2012-10-17"
          },
          "sensitive_attributes": []
        }
      ]
    },
    {
      "mode": "data",
      "type": "aws_iam_policy_document",
      "name": "demo-codedeploy-role-policy",
      "provider": "provider[\"registry.terraform.io/hashicorp/aws\"]",
      "instances": [
        {
          "schema_version": 0,
          "attributes": {
            "id": "2535126618",
            "json": "{\n  \"Version\": \"2012-10-17\",\n  \"Statement\": [\n    {\n      \"Sid\": \"\",\n      \"Effect\": \"Allow\",\n      \"Action\": [\n        \"sns:Publish\",\n        \"s3:GetObjectVersion\",\n        \"s3:GetObject\",\n        \"lambda:InvokeFunction\",\n        \"elasticloadbalancing:ModifyRule\",\n        \"elasticloadbalancing:ModifyListener\",\n        \"elasticloadbalancing:DescribeTargetGroups\",\n        \"elasticloadbalancing:DescribeRules\",\n        \"elasticloadbalancing:DescribeListeners\",\n        \"ecs:UpdateServicePrimaryTaskSet\",\n        \"ecs:DescribeServices\",\n        \"ecs:DescribeClusters\",\n        \"ecs:DeleteTaskSet\",\n        \"ecs:CreateTaskSet\",\n        \"cloudwatch:DescribeAlarms\"\n      ],\n      \"Resource\": \"*\"\n    },\n    {\n      \"Sid\": \"\",\n      \"Effect\": \"Allow\",\n      \"Action\": \"s3:Get*\",\n      \"Resource\": \"arn:aws:s3:::demo-artifacts-9urfa0u8/*\"\n    },\n    {\n      \"Sid\": \"\",\n      \"Effect\": \"Allow\",\n      \"Action\": [\n        \"kms:DescribeKey\",\n        \"kms:Decrypt\"\n      ],\n      \"Resource\": \"arn:aws:kms:ap-northeast-2:352485268054:key/43999dd9-c899-43d4-9463-01c4fe9b355d\"\n    },\n    {\n      \"Sid\": \"\",\n      \"Effect\": \"Allow\",\n      \"Action\": \"iam:PassRole\",\n      \"Resource\": [\n        \"arn:aws:iam::352485268054:role/ecs-task-execution-role\",\n        \"arn:aws:iam::352485268054:role/ecs-demo-task-role\"\n      ],\n      \"Condition\": {\n        \"StringLike\": {\n          \"iam:PassedToService\": [\n            \"ecs-tasks.amazonaws.com\"\n          ]\n        }\n      }\n    }\n  ]\n}",
            "override_json": null,
            "override_policy_documents": null,
            "policy_id": null,
            "source_json": null,
            "source_policy_documents": null,
            "statement": [
              {
                "actions": [
                  "cloudwatch:DescribeAlarms",
                  "ecs:CreateTaskSet",
                  "ecs:DeleteTaskSet",
                  "ecs:DescribeClusters",
                  "ecs:DescribeServices",
                  "ecs:UpdateServicePrimaryTaskSet",
                  "elasticloadbalancing:DescribeListeners",
                  "elasticloadbalancing:DescribeRules",
                  "elasticloadbalancing:DescribeTargetGroups",
                  "elasticloadbalancing:ModifyListener",
                  "elasticloadbalancing:ModifyRule",
                  "lambda:InvokeFunction",
                  "s3:GetObject",
                  "s3:GetObjectVersion",
                  "sns:Publish"
                ],
                "condition": [],
                "effect": "Allow",
                "not_actions": [],
                "not_principals": [],
                "not_resources": [],
                "principals": [],
                "resources": [
                  "*"
                ],
                "sid": ""
              },
              {
                "actions": [
                  "s3:Get*"
                ],
                "condition": [],
                "effect": "Allow",
                "not_actions": [],
                "not_principals": [],
                "not_resources": [],
                "principals": [],
                "resources": [
                  "arn:aws:s3:::demo-artifacts-9urfa0u8/*"
                ],
                "sid": ""
              },
              {
                "actions": [
                  "kms:Decrypt",
                  "kms:DescribeKey"
                ],
                "condition": [],
                "effect": "Allow",
                "not_actions": [],
                "not_principals": [],
                "not_resources": [],
                "principals": [],
                "resources": [
                  "arn:aws:kms:ap-northeast-2:352485268054:key/43999dd9-c899-43d4-9463-01c4fe9b355d"
                ],
                "sid": ""
              },
              {
                "actions": [
                  "iam:PassRole"
                ],
                "condition": [
                  {
                    "test": "StringLike",
                    "values": [
                      "ecs-tasks.amazonaws.com"
                    ],
                    "variable": "iam:PassedToService"
                  }
                ],
                "effect": "Allow",
                "not_actions": [],
                "not_principals": [],
                "not_resources": [],
                "principals": [],
                "resources": [
                  "arn:aws:iam::352485268054:role/ecs-demo-task-role",
                  "arn:aws:iam::352485268054:role/ecs-task-execution-role"
                ],
                "sid": ""
              }
            ],
            "version": "2012-10-17"
          },
          "sensitive_attributes": []
        }
      ]
    },
    {
      "mode": "data",
      "type": "aws_iam_policy_document",
      "name": "demo-codepipeline-role-policy",
      "provider": "provider[\"registry.terraform.io/hashicorp/aws\"]",
      "instances": [
        {
          "schema_version": 0,
          "attributes": {
            "id": "724652652",
            "json": "{\n  \"Version\": \"2012-10-17\",\n  \"Statement\": [\n    {\n      \"Sid\": \"\",\n      \"Effect\": \"Allow\",\n      \"Action\": \"s3:*\",\n      \"Resource\": [\n        \"arn:aws:s3:::demo-artifacts-9urfa0u8/*\",\n        \"arn:aws:s3:::demo-artifacts-9urfa0u8\"\n      ]\n    },\n    {\n      \"Sid\": \"\",\n      \"Effect\": \"Allow\",\n      \"Action\": [\n        \"codebuild:StartBuild\",\n        \"codebuild:BatchGetBuilds\"\n      ],\n      \"Resource\": \"*\"\n    },\n    {\n      \"Sid\": \"\",\n      \"Effect\": \"Allow\",\n      \"Action\": \"sts:AssumeRole\",\n      \"Resource\": \"arn:aws:iam::352485268054:role/demo-codepipeline\"\n    },\n    {\n      \"Sid\": \"\",\n      \"Effect\": \"Allow\",\n      \"Action\": [\n        \"kms:ReEncrypt*\",\n        \"kms:GenerateDataKey*\",\n        \"kms:Encrypt\",\n        \"kms:DescribeKey\",\n        \"kms:Decrypt\"\n      ],\n      \"Resource\": \"arn:aws:kms:ap-northeast-2:352485268054:key/43999dd9-c899-43d4-9463-01c4fe9b355d\"\n    },\n    {\n      \"Sid\": \"\",\n      \"Effect\": \"Allow\",\n      \"Action\": [\n        \"codecommit:UploadArchive\",\n        \"codecommit:GitPull\",\n        \"codecommit:Get*\",\n        \"codecommit:Describe*\",\n        \"codecommit:BatchGet*\",\n        \"codecommit:BatchDescribe*\"\n      ],\n      \"Resource\": \"arn:aws:codecommit:ap-northeast-2:352485268054:demo\"\n    },\n    {\n      \"Sid\": \"\",\n      \"Effect\": \"Allow\",\n      \"Action\": [\n        \"ecs:*\",\n        \"codedeploy:*\"\n      ],\n      \"Resource\": \"*\"\n    },\n    {\n      \"Sid\": \"\",\n      \"Effect\": \"Allow\",\n      \"Action\": \"iam:PassRole\",\n      \"Resource\": [\n        \"arn:aws:iam::352485268054:role/ecs-task-execution-role\",\n        \"arn:aws:iam::352485268054:role/ecs-demo-task-role\"\n      ],\n      \"Condition\": {\n        \"StringLike\": {\n          \"iam:PassedToService\": [\n            \"ecs-tasks.amazonaws.com\"\n          ]\n        }\n      }\n    }\n  ]\n}",
            "override_json": null,
            "override_policy_documents": null,
            "policy_id": null,
            "source_json": null,
            "source_policy_documents": null,
            "statement": [
              {
                "actions": [
                  "s3:*"
                ],
                "condition": [],
                "effect": "Allow",
                "not_actions": [],
                "not_principals": [],
                "not_resources": [],
                "principals": [],
                "resources": [
                  "arn:aws:s3:::demo-artifacts-9urfa0u8",
                  "arn:aws:s3:::demo-artifacts-9urfa0u8/*"
                ],
                "sid": ""
              },
              {
                "actions": [
                  "codebuild:BatchGetBuilds",
                  "codebuild:StartBuild"
                ],
                "condition": [],
                "effect": "Allow",
                "not_actions": [],
                "not_principals": [],
                "not_resources": [],
                "principals": [],
                "resources": [
                  "*"
                ],
                "sid": ""
              },
              {
                "actions": [
                  "sts:AssumeRole"
                ],
                "condition": [],
                "effect": "Allow",
                "not_actions": [],
                "not_principals": [],
                "not_resources": [],
                "principals": [],
                "resources": [
                  "arn:aws:iam::352485268054:role/demo-codepipeline"
                ],
                "sid": ""
              },
              {
                "actions": [
                  "kms:Decrypt",
                  "kms:DescribeKey",
                  "kms:Encrypt",
                  "kms:GenerateDataKey*",
                  "kms:ReEncrypt*"
                ],
                "condition": [],
                "effect": "Allow",
                "not_actions": [],
                "not_principals": [],
                "not_resources": [],
                "principals": [],
                "resources": [
                  "arn:aws:kms:ap-northeast-2:352485268054:key/43999dd9-c899-43d4-9463-01c4fe9b355d"
                ],
                "sid": ""
              },
              {
                "actions": [
                  "codecommit:BatchDescribe*",
                  "codecommit:BatchGet*",
                  "codecommit:Describe*",
                  "codecommit:Get*",
                  "codecommit:GitPull",
                  "codecommit:UploadArchive"
                ],
                "condition": [],
                "effect": "Allow",
                "not_actions": [],
                "not_principals": [],
                "not_resources": [],
                "principals": [],
                "resources": [
                  "arn:aws:codecommit:ap-northeast-2:352485268054:demo"
                ],
                "sid": ""
              },
              {
                "actions": [
                  "codedeploy:*",
                  "ecs:*"
                ],
                "condition": [],
                "effect": "Allow",
                "not_actions": [],
                "not_principals": [],
                "not_resources": [],
                "principals": [],
                "resources": [
                  "*"
                ],
                "sid": ""
              },
              {
                "actions": [
                  "iam:PassRole"
                ],
                "condition": [
                  {
                    "test": "StringLike",
                    "values": [
                      "ecs-tasks.amazonaws.com"
                    ],
                    "variable": "iam:PassedToService"
                  }
                ],
                "effect": "Allow",
                "not_actions": [],
                "not_principals": [],
                "not_resources": [],
                "principals": [],
                "resources": [
                  "arn:aws:iam::352485268054:role/ecs-demo-task-role",
                  "arn:aws:iam::352485268054:role/ecs-task-execution-role"
                ],
                "sid": ""
              }
            ],
            "version": "2012-10-17"
          },
          "sensitive_attributes": []
        }
      ]
    },
    {
      "mode": "managed",
      "type": "aws_appautoscaling_policy",
      "name": "ecs_policy",
      "provider": "provider[\"registry.terraform.io/hashicorp/aws\"]",
      "instances": [
        {
          "schema_version": 0,
          "attributes": {
            "arn": "arn:aws:autoscaling:ap-northeast-2:352485268054:scalingPolicy:c582e684-8978-46ae-b254-5d130f3efdde:resource/ecs/service/demo/demo:policyName/cpuscaling",
            "id": "cpuscaling",
            "name": "cpuscaling",
            "policy_type": "TargetTrackingScaling",
            "resource_id": "service/demo/demo",
            "scalable_dimension": "ecs:service:DesiredCount",
            "service_namespace": "ecs",
            "step_scaling_policy_configuration": [],
            "target_tracking_scaling_policy_configuration": [
              {
                "customized_metric_specification": [],
                "disable_scale_in": false,
                "predefined_metric_specification": [
                  {
                    "predefined_metric_type": "ECSServiceAverageCPUUtilization",
                    "resource_label": ""
                  }
                ],
                "scale_in_cooldown": 300,
                "scale_out_cooldown": 300,
                "target_value": 50
              }
            ]
          },
          "sensitive_attributes": [],
          "private": "bnVsbA==",
          "dependencies": [
            "aws_ecs_task_definition.demo",
            "aws_lb.demo",
            "data.aws_caller_identity.current",
            "aws_iam_service_linked_role.ecs",
            "module.vpc.aws_vpc.this",
            "aws_autoscaling_group.asg",
            "aws_db_instance.default",
            "aws_ecr_repository.demo_nginx",
            "aws_ecr_repository.demo_php_fpm",
            "aws_iam_role.ecs-demo-task-role",
            "aws_appautoscaling_target.ecs_target",
            "aws_ecs_cluster.demo",
            "aws_elasticache_subnet_group.redisSubnet",
            "aws_lb_listener.demo",
            "aws_ecs_capacity_provider.cp",
            "aws_iam_instance_profile.ecsInstanceRole",
            "aws_lb_target_group.demo-green",
            "aws_launch_configuration.launchConfig",
            "aws_security_group.lb_sg",
            "aws_iam_role.ecs-task-execution-role",
            "aws_iam_role.ecsServiceRole",
            "aws_db_subnet_group.example",
            "aws_elasticache_cluster.redis",
            "aws_lb_target_group.demo-blue",
            "data.aws_availability_zones.available",
            "module.vpc.aws_vpc_ipv4_cidr_block_association.this",
            "aws_security_group.redis",
            "data.aws_ami.aws_optimized_ecs",
            "module.vpc.aws_subnet.public",
            "aws_db_parameter_group.mysql-parameters",
            "aws_ecs_service.demo",
            "aws_iam_role.ecsInstanceRole",
            "aws_security_group.db_instance",
            "aws_security_group.launchConfig",
            "random_string.random"
          ]
        }
      ]
    },
    {
      "mode": "managed",
      "type": "aws_appautoscaling_target",
      "name": "ecs_target",
      "provider": "provider[\"registry.terraform.io/hashicorp/aws\"]",
      "instances": [
        {
          "schema_version": 0,
          "attributes": {
            "id": "service/demo/demo",
            "max_capacity": 0,
            "min_capacity": 0,
            "resource_id": "service/demo/demo",
            "role_arn": "arn:aws:iam::352485268054:role/aws-service-role/ecs.application-autoscaling.amazonaws.com/AWSServiceRoleForApplicationAutoScaling_ECSService",
            "scalable_dimension": "ecs:service:DesiredCount",
            "service_namespace": "ecs"
          },
          "sensitive_attributes": [],
          "private": "bnVsbA==",
          "dependencies": [
            "aws_ecs_capacity_provider.cp",
            "aws_ecs_cluster.demo",
            "aws_ecs_service.demo",
            "aws_ecs_task_definition.demo",
            "aws_iam_role.ecsServiceRole",
            "aws_lb_listener.demo",
            "aws_lb_target_group.demo-blue",
            "data.aws_caller_identity.current"
          ]
        }
      ]
    },
    {
      "mode": "managed",
      "type": "aws_autoscaling_group",
      "name": "asg",
      "provider": "provider[\"registry.terraform.io/hashicorp/aws\"]",
      "instances": [
        {
          "schema_version": 0,
          "attributes": {
            "arn": "arn:aws:autoscaling:ap-northeast-2:352485268054:autoScalingGroup:eacb5048-2f1a-4b25-a921-3bda747368ad:autoScalingGroupName/asg",
            "availability_zones": [
              "ap-northeast-2a",
              "ap-northeast-2c"
            ],
            "capacity_rebalance": false,
            "default_cooldown": 300,
            "desired_capacity": 0,
            "enabled_metrics": [],
            "force_delete": true,
            "force_delete_warm_pool": false,
            "health_check_grace_period": 300,
            "health_check_type": "EC2",
            "id": "asg",
            "initial_lifecycle_hook": [],
            "instance_refresh": [],
            "launch_configuration": "laravel-launchConfig20220422045820168300000001",
            "launch_template": [],
            "load_balancers": [],
            "max_instance_lifetime": 0,
            "max_size": 0,
            "metrics_granularity": "1Minute",
            "min_elb_capacity": null,
            "min_size": 0,
            "mixed_instances_policy": [],
            "name": "asg",
            "name_prefix": "",
            "placement_group": "",
            "protect_from_scale_in": true,
            "service_linked_role_arn": "arn:aws:iam::352485268054:role/aws-service-role/autoscaling.amazonaws.com/AWSServiceRoleForAutoScaling",
            "suspended_processes": [],
            "tag": [
              {
                "key": "Key",
                "propagate_at_launch": true,
                "value": "Value"
              }
            ],
            "tags": null,
            "target_group_arns": [],
            "termination_policies": [],
            "timeouts": null,
            "vpc_zone_identifier": [
              "subnet-04567ad99be8a1c6c",
              "subnet-060d89983dd1aa152"
            ],
            "wait_for_capacity_timeout": "10m",
            "wait_for_elb_capacity": null,
            "warm_pool": []
          },
          "sensitive_attributes": [],
          "private": "eyJlMmJmYjczMC1lY2FhLTExZTYtOGY4OC0zNDM2M2JjN2M0YzAiOnsiZGVsZXRlIjo2MDAwMDAwMDAwMDB9fQ==",
          "dependencies": [
            "aws_launch_configuration.launchConfig",
            "data.aws_availability_zones.available",
            "module.vpc.aws_subnet.public"
          ],
          "create_before_destroy": true
        }
      ]
    },
    {
      "mode": "managed",
      "type": "aws_cloudwatch_log_group",
      "name": "ecs",
      "provider": "provider[\"registry.terraform.io/hashicorp/aws\"]",
      "instances": [
        {
          "schema_version": 0,
          "attributes": {
            "arn": "arn:aws:logs:ap-northeast-2:352485268054:log-group:/ecs/demo",
            "id": "/ecs/demo",
            "kms_key_id": "",
            "name": "/ecs/demo",
            "name_prefix": null,
            "retention_in_days": 0,
            "tags": {},
            "tags_all": {}
          },
          "sensitive_attributes": [],
          "private": "bnVsbA=="
        }
      ]
    },
    {
      "mode": "managed",
      "type": "aws_codebuild_project",
      "name": "demo",
      "provider": "provider[\"registry.terraform.io/hashicorp/aws\"]",
      "instances": [
        {
          "schema_version": 0,
          "attributes": {
            "arn": "arn:aws:codebuild:ap-northeast-2:352485268054:project/demo-docker-build",
            "artifacts": [
              {
                "artifact_identifier": "",
                "encryption_disabled": false,
                "location": "",
                "name": "demo-docker-build",
                "namespace_type": "",
                "override_artifact_name": false,
                "packaging": "NONE",
                "path": "",
                "type": "CODEPIPELINE"
              }
            ],
            "badge_enabled": false,
            "badge_url": "",
            "build_batch_config": [],
            "build_timeout": 30,
            "cache": [
              {
                "location": "",
                "modes": [],
                "type": "NO_CACHE"
              }
            ],
            "concurrent_build_limit": 0,
            "description": "demo docker build",
            "encryption_key": "arn:aws:kms:ap-northeast-2:352485268054:alias/demo-artifacts",
            "environment": [
              {
                "certificate": "",
                "compute_type": "BUILD_GENERAL1_SMALL",
                "environment_variable": [
                  {
                    "name": "AWS_DEFAULT_REGION",
                    "type": "PLAINTEXT",
                    "value": "ap-northeast-2"
                  },
                  {
                    "name": "AWS_ACCOUNT_ID",
                    "type": "PLAINTEXT",
                    "value": "352485268054"
                  },
                  {
                    "name": "IMAGE_PHP_FPM_NAME",
                    "type": "PLAINTEXT",
                    "value": "demo-php-fpm"
                  },
                  {
                    "name": "IMAGE_NGINX_NAME",
                    "type": "PLAINTEXT",
                    "value": "demo-nginx"
                  },
                  {
                    "name": "PHP_FPM_TASK_DEFINITON_NAME",
                    "type": "PLAINTEXT",
                    "value": "app"
                  }
                ],
                "image": "aws/codebuild/standard:5.0",
                "image_pull_credentials_type": "CODEBUILD",
                "privileged_mode": true,
                "registry_credential": [],
                "type": "LINUX_CONTAINER"
              }
            ],
            "file_system_locations": [],
            "id": "arn:aws:codebuild:ap-northeast-2:352485268054:project/demo-docker-build",
            "logs_config": [
              {
                "cloudwatch_logs": [
                  {
                    "group_name": "",
                    "status": "ENABLED",
                    "stream_name": ""
                  }
                ],
                "s3_logs": [
                  {
                    "encryption_disabled": false,
                    "location": "",
                    "status": "DISABLED"
                  }
                ]
              }
            ],
            "name": "demo-docker-build",
            "queued_timeout": 480,
            "secondary_artifacts": [],
            "secondary_sources": [],
            "service_role": "arn:aws:iam::352485268054:role/demo-codebuild",
            "source": [
              {
                "auth": [],
                "build_status_config": [],
                "buildspec": "buildspec.yml",
                "git_clone_depth": 0,
                "git_submodules_config": [],
                "insecure_ssl": false,
                "location": "",
                "report_build_status": false,
                "type": "CODEPIPELINE"
              }
            ],
            "source_version": "",
            "tags": {},
            "tags_all": {},
            "vpc_config": []
          },
          "sensitive_attributes": [],
          "private": "bnVsbA==",
          "dependencies": [
            "data.aws_iam_policy_document.demo-artifacts-kms-policy",
            "aws_ecr_repository.demo_nginx",
            "aws_ecr_repository.demo_php_fpm",
            "aws_iam_role.demo-codebuild",
            "aws_kms_alias.demo-artifacts",
            "aws_kms_key.demo-artifacts",
            "data.aws_caller_identity.current"
          ]
        }
      ]
    },
    {
      "mode": "managed",
      "type": "aws_codecommit_repository",
      "name": "demo",
      "provider": "provider[\"registry.terraform.io/hashicorp/aws\"]",
      "instances": [
        {
          "schema_version": 0,
          "attributes": {
            "arn": "arn:aws:codecommit:ap-northeast-2:352485268054:demo",
            "clone_url_http": "https://git-codecommit.ap-northeast-2.amazonaws.com/v1/repos/demo",
            "clone_url_ssh": "ssh://git-codecommit.ap-northeast-2.amazonaws.com/v1/repos/demo",
            "default_branch": null,
            "description": "This is the demo repository",
            "id": "demo",
            "repository_id": "bb178e94-b1e2-45c4-8869-b2472dd1d92c",
            "repository_name": "demo",
            "tags": {},
            "tags_all": {}
          },
          "sensitive_attributes": [],
          "private": "bnVsbA=="
        }
      ]
    },
    {
      "mode": "managed",
      "type": "aws_codedeploy_app",
      "name": "demo",
      "provider": "provider[\"registry.terraform.io/hashicorp/aws\"]",
      "instances": [
        {
          "schema_version": 0,
          "attributes": {
            "application_id": "443efdd4-a035-4856-95aa-180d93e6a8b5",
            "arn": "arn:aws:codedeploy:ap-northeast-2:352485268054:application:demo",
            "compute_platform": "ECS",
            "github_account_name": "",
            "id": "443efdd4-a035-4856-95aa-180d93e6a8b5:demo",
            "linked_to_github": false,
            "name": "demo",
            "tags": {},
            "tags_all": {}
          },
          "sensitive_attributes": [],
          "private": "bnVsbA=="
        }
      ]
    },
    {
      "mode": "managed",
      "type": "aws_codedeploy_deployment_group",
      "name": "demo",
      "provider": "provider[\"registry.terraform.io/hashicorp/aws\"]",
      "instances": [
        {
          "schema_version": 0,
          "attributes": {
            "alarm_configuration": [],
            "app_name": "demo",
            "arn": "arn:aws:codedeploy:ap-northeast-2:352485268054:deploymentgroup:demo/demo",
            "auto_rollback_configuration": [
              {
                "enabled": true,
                "events": [
                  "DEPLOYMENT_FAILURE"
                ]
              }
            ],
            "autoscaling_groups": [],
            "blue_green_deployment_config": [
              {
                "deployment_ready_option": [
                  {
                    "action_on_timeout": "CONTINUE_DEPLOYMENT",
                    "wait_time_in_minutes": 0
                  }
                ],
                "green_fleet_provisioning_option": [],
                "terminate_blue_instances_on_deployment_success": [
                  {
                    "action": "TERMINATE",
                    "termination_wait_time_in_minutes": 5
                  }
                ]
              }
            ],
            "compute_platform": "ECS",
            "deployment_config_name": "CodeDeployDefault.ECSAllAtOnce",
            "deployment_group_id": "62a32f88-3697-4fcf-81fe-fb0daf396d30",
            "deployment_group_name": "demo",
            "deployment_style": [
              {
                "deployment_option": "WITH_TRAFFIC_CONTROL",
                "deployment_type": "BLUE_GREEN"
              }
            ],
            "ec2_tag_filter": [],
            "ec2_tag_set": [],
            "ecs_service": [
              {
                "cluster_name": "demo",
                "service_name": "demo"
              }
            ],
            "id": "62a32f88-3697-4fcf-81fe-fb0daf396d30",
            "load_balancer_info": [
              {
                "elb_info": [],
                "target_group_info": [],
                "target_group_pair_info": [
                  {
                    "prod_traffic_route": [
                      {
                        "listener_arns": [
                          "arn:aws:elasticloadbalancing:ap-northeast-2:352485268054:listener/app/demo/2c96cba706248576/23561790a10a847d"
                        ]
                      }
                    ],
                    "target_group": [
                      {
                        "name": "demo-http-blue"
                      },
                      {
                        "name": "demo-http-green"
                      }
                    ],
                    "test_traffic_route": []
                  }
                ]
              }
            ],
            "on_premises_instance_tag_filter": [],
            "service_role_arn": "arn:aws:iam::352485268054:role/demo-codedeploy",
            "tags": {},
            "tags_all": {},
            "trigger_configuration": []
          },
          "sensitive_attributes": [],
          "private": "bnVsbA==",
          "dependencies": [
            "aws_iam_instance_profile.ecsInstanceRole",
            "module.vpc.aws_vpc.this",
            "aws_db_parameter_group.mysql-parameters",
            "aws_ecr_repository.demo_nginx",
            "aws_ecs_cluster.demo",
            "aws_security_group.redis",
            "module.vpc.aws_subnet.public",
            "aws_iam_role.ecs-demo-task-role",
            "aws_launch_configuration.launchConfig",
            "aws_lb_listener.demo",
            "aws_security_group.launchConfig",
            "random_string.random",
            "aws_db_instance.default",
            "aws_elasticache_cluster.redis",
            "aws_iam_role.ecsServiceRole",
            "module.vpc.aws_vpc_ipv4_cidr_block_association.this",
            "aws_codedeploy_app.demo",
            "aws_elasticache_subnet_group.redisSubnet",
            "aws_iam_role.demo-codedeploy",
            "aws_ecs_service.demo",
            "aws_lb_target_group.demo-green",
            "aws_security_group.lb_sg",
            "aws_lb_target_group.demo-blue",
            "aws_security_group.db_instance",
            "data.aws_ami.aws_optimized_ecs",
            "aws_autoscaling_group.asg",
            "aws_db_subnet_group.example",
            "aws_iam_service_linked_role.ecs",
            "aws_ecs_task_definition.demo",
            "aws_iam_role.ecs-task-execution-role",
            "aws_iam_role.ecsInstanceRole",
            "data.aws_availability_zones.available",
            "aws_ecr_repository.demo_php_fpm",
            "aws_ecs_capacity_provider.cp",
            "aws_lb.demo"
          ]
        }
      ]
    },
    {
      "mode": "managed",
      "type": "aws_codepipeline",
      "name": "demo",
      "provider": "provider[\"registry.terraform.io/hashicorp/aws\"]",
      "instances": [
        {
          "schema_version": 0,
          "attributes": {
            "arn": "arn:aws:codepipeline:ap-northeast-2:352485268054:demo-docker-pipeline",
            "artifact_store": [
              {
                "encryption_key": [
                  {
                    "id": "arn:aws:kms:ap-northeast-2:352485268054:alias/demo-artifacts",
                    "type": "KMS"
                  }
                ],
                "location": "demo-artifacts-9urfa0u8",
                "region": "",
                "type": "S3"
              }
            ],
            "id": "demo-docker-pipeline",
            "name": "demo-docker-pipeline",
            "role_arn": "arn:aws:iam::352485268054:role/demo-codepipeline",
            "stage": [
              {
                "action": [
                  {
                    "category": "Source",
                    "configuration": {
                      "BranchName": "master",
                      "RepositoryName": "demo"
                    },
                    "input_artifacts": [],
                    "name": "Source",
                    "namespace": "",
                    "output_artifacts": [
                      "demo-docker-source"
                    ],
                    "owner": "AWS",
                    "provider": "CodeCommit",
                    "region": "",
                    "role_arn": "",
                    "run_order": 1,
                    "version": "1"
                  }
                ],
                "name": "Source"
              },
              {
                "action": [
                  {
                    "category": "Build",
                    "configuration": {
                      "ProjectName": "demo-docker-build"
                    },
                    "input_artifacts": [
                      "demo-docker-source"
                    ],
                    "name": "Build",
                    "namespace": "",
                    "output_artifacts": [
                      "demo-docker-build"
                    ],
                    "owner": "AWS",
                    "provider": "CodeBuild",
                    "region": "",
                    "role_arn": "",
                    "run_order": 1,
                    "version": "1"
                  }
                ],
                "name": "Build"
              },
              {
                "action": [
                  {
                    "category": "Deploy",
                    "configuration": {
                      "AppSpecTemplateArtifact": "demo-docker-build",
                      "ApplicationName": "demo",
                      "DeploymentGroupName": "demo",
                      "TaskDefinitionTemplateArtifact": "demo-docker-build"
                    },
                    "input_artifacts": [
                      "demo-docker-build"
                    ],
                    "name": "DeployToECS",
                    "namespace": "",
                    "output_artifacts": [],
                    "owner": "AWS",
                    "provider": "CodeDeployToECS",
                    "region": "",
                    "role_arn": "",
                    "run_order": 1,
                    "version": "1"
                  }
                ],
                "name": "Deploy"
              }
            ],
            "tags": {},
            "tags_all": {}
          },
          "sensitive_attributes": [],
          "private": "bnVsbA==",
          "dependencies": [
            "aws_lb_target_group.demo-blue",
            "aws_security_group.launchConfig",
            "data.aws_iam_policy_document.demo-artifacts-kms-policy",
            "module.vpc.aws_subnet.public",
            "aws_codebuild_project.demo",
            "aws_codedeploy_app.demo",
            "aws_ecr_repository.demo_php_fpm",
            "aws_iam_service_linked_role.ecs",
            "aws_iam_role.demo-codedeploy",
            "aws_iam_role.demo-codepipeline",
            "module.vpc.aws_vpc_ipv4_cidr_block_association.this",
            "aws_db_instance.default",
            "aws_ecs_service.demo",
            "aws_ecs_task_definition.demo",
            "aws_elasticache_subnet_group.redisSubnet",
            "aws_codedeploy_deployment_group.demo",
            "aws_security_group.db_instance",
            "aws_s3_bucket.demo-artifacts",
            "aws_security_group.lb_sg",
            "random_string.random",
            "aws_db_parameter_group.mysql-parameters",
            "aws_ecs_capacity_provider.cp",
            "aws_kms_key.demo-artifacts",
            "aws_lb_listener.demo",
            "aws_kms_alias.demo-artifacts",
            "aws_lb_target_group.demo-green",
            "aws_security_group.redis",
            "data.aws_caller_identity.current",
            "aws_autoscaling_group.asg",
            "aws_iam_role.demo-codebuild",
            "aws_iam_role.ecsInstanceRole",
            "aws_iam_role.ecsServiceRole",
            "aws_ecr_repository.demo_nginx",
            "aws_elasticache_cluster.redis",
            "aws_iam_role.ecs-task-execution-role",
            "aws_lb.demo",
            "aws_iam_role.ecs-demo-task-role",
            "aws_launch_configuration.launchConfig",
            "data.aws_ami.aws_optimized_ecs",
            "data.aws_availability_zones.available",
            "aws_codecommit_repository.demo",
            "aws_db_subnet_group.example",
            "aws_ecs_cluster.demo",
            "aws_iam_instance_profile.ecsInstanceRole",
            "module.vpc.aws_vpc.this"
          ]
        }
      ]
    },
    {
      "mode": "managed",
      "type": "aws_db_instance",
      "name": "default",
      "provider": "provider[\"registry.terraform.io/hashicorp/aws\"]",
      "instances": [
        {
          "schema_version": 1,
          "attributes": {
            "address": "terraform-20220321134645108000000001.csqfm7ao5z48.ap-northeast-2.rds.amazonaws.com",
            "allocated_storage": 100,
            "allow_major_version_upgrade": null,
            "apply_immediately": null,
            "arn": "arn:aws:rds:ap-northeast-2:352485268054:db:terraform-20220321134645108000000001",
            "auto_minor_version_upgrade": true,
            "availability_zone": "ap-northeast-2a",
            "backup_retention_period": 30,
            "backup_window": "19:19-19:49",
            "ca_cert_identifier": "rds-ca-2019",
            "character_set_name": "",
            "copy_tags_to_snapshot": false,
            "customer_owned_ip_enabled": false,
            "db_subnet_group_name": "mysqldb",
            "delete_automated_backups": true,
            "deletion_protection": false,
            "domain": "",
            "domain_iam_role_name": "",
            "enabled_cloudwatch_logs_exports": [],
            "endpoint": "terraform-20220321134645108000000001.csqfm7ao5z48.ap-northeast-2.rds.amazonaws.com:3306",
            "engine": "mysql",
            "engine_version": "5.7",
            "engine_version_actual": "5.7.36",
            "final_snapshot_identifier": null,
            "hosted_zone_id": "ZLA2NUCOLGUUR",
            "iam_database_authentication_enabled": false,
            "id": "terraform-20220321134645108000000001",
            "identifier": "terraform-20220321134645108000000001",
            "identifier_prefix": null,
            "instance_class": "db.t2.micro",
            "iops": 0,
            "kms_key_id": "",
            "latest_restorable_time": "2022-04-22T05:40:00Z",
            "license_model": "general-public-license",
            "maintenance_window": "sat:17:29-sat:17:59",
            "max_allocated_storage": 0,
            "monitoring_interval": 0,
            "monitoring_role_arn": "",
            "multi_az": false,
            "name": "ebdb",
            "nchar_character_set_name": "",
            "option_group_name": "default:mysql-5-7",
            "parameter_group_name": "mysqldb-parameters",
            "password": "ingangdamoa321#",
            "performance_insights_enabled": false,
            "performance_insights_kms_key_id": "",
            "performance_insights_retention_period": 0,
            "port": 3306,
            "publicly_accessible": true,
            "replicas": [],
            "replicate_source_db": "",
            "resource_id": "db-NAJWUG2SHZJ3YHJDIQH6U6OFVM",
            "restore_to_point_in_time": [],
            "s3_import": [],
            "security_group_names": [],
            "skip_final_snapshot": true,
            "snapshot_identifier": null,
            "status": "available",
            "storage_encrypted": false,
            "storage_type": "gp2",
            "tags": {
              "Name": "mysqldb-instance"
            },
            "tags_all": {
              "Name": "mysqldb-instance"
            },
            "timeouts": null,
            "timezone": "",
            "username": "sunggun1",
            "vpc_security_group_ids": [
              "sg-0f0720ef23f7a97c7"
            ]
          },
          "sensitive_attributes": [],
          "private": "eyJlMmJmYjczMC1lY2FhLTExZTYtOGY4OC0zNDM2M2JjN2M0YzAiOnsiY3JlYXRlIjoyNDAwMDAwMDAwMDAwLCJkZWxldGUiOjM2MDAwMDAwMDAwMDAsInVwZGF0ZSI6NDgwMDAwMDAwMDAwMH0sInNjaGVtYV92ZXJzaW9uIjoiMSJ9",
          "dependencies": [
            "aws_db_parameter_group.mysql-parameters",
            "aws_db_subnet_group.example",
            "aws_security_group.db_instance",
            "data.aws_availability_zones.available",
            "module.vpc.aws_subnet.public",
            "module.vpc.aws_vpc.this",
            "module.vpc.aws_vpc_ipv4_cidr_block_association.this"
          ]
        }
      ]
    },
    {
      "mode": "managed",
      "type": "aws_db_parameter_group",
      "name": "mysql-parameters",
      "provider": "provider[\"registry.terraform.io/hashicorp/aws\"]",
      "instances": [
        {
          "schema_version": 0,
          "attributes": {
            "arn": "arn:aws:rds:ap-northeast-2:352485268054:pg:mysqldb-parameters",
            "description": "mysqlDB parameter group",
            "family": "mysql5.7",
            "id": "mysqldb-parameters",
            "name": "mysqldb-parameters",
            "name_prefix": null,
            "parameter": [
              {
                "apply_method": "immediate",
                "name": "max_allowed_packet",
                "value": "16777216"
              }
            ],
            "tags": {},
            "tags_all": {}
          },
          "sensitive_attributes": [],
          "private": "bnVsbA==",
          "create_before_destroy": true
        }
      ]
    },
    {
      "mode": "managed",
      "type": "aws_db_subnet_group",
      "name": "example",
      "provider": "provider[\"registry.terraform.io/hashicorp/aws\"]",
      "instances": [
        {
          "schema_version": 0,
          "attributes": {
            "arn": "arn:aws:rds:ap-northeast-2:352485268054:subgrp:mysqldb",
            "description": "Managed by Terraform",
            "id": "mysqldb",
            "name": "mysqldb",
            "name_prefix": null,
            "subnet_ids": [
              "subnet-04567ad99be8a1c6c",
              "subnet-060d89983dd1aa152",
              "subnet-0e8b176e40904e06f"
            ],
            "tags": {
              "Name": "mysqldb"
            },
            "tags_all": {
              "Name": "mysqldb"
            }
          },
          "sensitive_attributes": [],
          "private": "bnVsbA==",
          "dependencies": [
            "module.vpc.aws_vpc.this",
            "module.vpc.aws_vpc_ipv4_cidr_block_association.this",
            "data.aws_availability_zones.available",
            "module.vpc.aws_subnet.public"
          ]
        }
      ]
    },
    {
      "mode": "managed",
      "type": "aws_ecr_repository",
      "name": "demo_nginx",
      "provider": "provider[\"registry.terraform.io/hashicorp/aws\"]",
      "instances": [
        {
          "schema_version": 0,
          "attributes": {
            "arn": "arn:aws:ecr:ap-northeast-2:352485268054:repository/demo-nginx",
            "encryption_configuration": [
              {
                "encryption_type": "AES256",
                "kms_key": ""
              }
            ],
            "id": "demo-nginx",
            "image_scanning_configuration": [
              {
                "scan_on_push": false
              }
            ],
            "image_tag_mutability": "MUTABLE",
            "name": "demo-nginx",
            "registry_id": "352485268054",
            "repository_url": "352485268054.dkr.ecr.ap-northeast-2.amazonaws.com/demo-nginx",
            "tags": {},
            "tags_all": {},
            "timeouts": null
          },
          "sensitive_attributes": [],
          "private": "eyJlMmJmYjczMC1lY2FhLTExZTYtOGY4OC0zNDM2M2JjN2M0YzAiOnsiZGVsZXRlIjoxMjAwMDAwMDAwMDAwfX0="
        }
      ]
    },
    {
      "mode": "managed",
      "type": "aws_ecr_repository",
      "name": "demo_php_fpm",
      "provider": "provider[\"registry.terraform.io/hashicorp/aws\"]",
      "instances": [
        {
          "schema_version": 0,
          "attributes": {
            "arn": "arn:aws:ecr:ap-northeast-2:352485268054:repository/demo-php-fpm",
            "encryption_configuration": [
              {
                "encryption_type": "AES256",
                "kms_key": ""
              }
            ],
            "id": "demo-php-fpm",
            "image_scanning_configuration": [
              {
                "scan_on_push": false
              }
            ],
            "image_tag_mutability": "MUTABLE",
            "name": "demo-php-fpm",
            "registry_id": "352485268054",
            "repository_url": "352485268054.dkr.ecr.ap-northeast-2.amazonaws.com/demo-php-fpm",
            "tags": {},
            "tags_all": {},
            "timeouts": null
          },
          "sensitive_attributes": [],
          "private": "eyJlMmJmYjczMC1lY2FhLTExZTYtOGY4OC0zNDM2M2JjN2M0YzAiOnsiZGVsZXRlIjoxMjAwMDAwMDAwMDAwfX0="
        }
      ]
    },
    {
      "mode": "managed",
      "type": "aws_ecs_capacity_provider",
      "name": "cp",
      "provider": "provider[\"registry.terraform.io/hashicorp/aws\"]",
      "instances": [
        {
          "schema_version": 0,
          "attributes": {
            "arn": "arn:aws:ecs:ap-northeast-2:352485268054:capacity-provider/laravel-cp-9urfa0u8",
            "auto_scaling_group_provider": [
              {
                "auto_scaling_group_arn": "arn:aws:autoscaling:ap-northeast-2:352485268054:autoScalingGroup:eacb5048-2f1a-4b25-a921-3bda747368ad:autoScalingGroupName/asg",
                "managed_scaling": [
                  {
                    "instance_warmup_period": 300,
                    "maximum_scaling_step_size": 1,
                    "minimum_scaling_step_size": 1,
                    "status": "ENABLED",
                    "target_capacity": 100
                  }
                ],
                "managed_termination_protection": "ENABLED"
              }
            ],
            "id": "arn:aws:ecs:ap-northeast-2:352485268054:capacity-provider/laravel-cp-9urfa0u8",
            "name": "laravel-cp-9urfa0u8",
            "tags": {},
            "tags_all": {}
          },
          "sensitive_attributes": [],
          "private": "bnVsbA==",
          "dependencies": [
            "aws_iam_instance_profile.ecsInstanceRole",
            "aws_iam_role.ecsInstanceRole",
            "data.aws_ami.aws_optimized_ecs",
            "random_string.random",
            "module.vpc.aws_vpc_ipv4_cidr_block_association.this",
            "aws_autoscaling_group.asg",
            "aws_iam_service_linked_role.ecs",
            "aws_launch_configuration.launchConfig",
            "aws_security_group.launchConfig",
            "data.aws_availability_zones.available",
            "module.vpc.aws_subnet.public",
            "module.vpc.aws_vpc.this"
          ]
        }
      ]
    },
    {
      "mode": "managed",
      "type": "aws_ecs_cluster",
      "name": "demo",
      "provider": "provider[\"registry.terraform.io/hashicorp/aws\"]",
      "instances": [
        {
          "schema_version": 0,
          "attributes": {
            "arn": "arn:aws:ecs:ap-northeast-2:352485268054:cluster/demo",
            "capacity_providers": [
              "laravel-cp-9urfa0u8"
            ],
            "configuration": [],
            "default_capacity_provider_strategy": [
              {
                "base": 0,
                "capacity_provider": "laravel-cp-9urfa0u8",
                "weight": 0
              }
            ],
            "id": "arn:aws:ecs:ap-northeast-2:352485268054:cluster/demo",
            "name": "demo",
            "setting": [
              {
                "name": "containerInsights",
                "value": "disabled"
              }
            ],
            "tags": {},
            "tags_all": {}
          },
          "sensitive_attributes": [],
          "private": "bnVsbA==",
          "dependencies": [
            "aws_autoscaling_group.asg",
            "aws_iam_instance_profile.ecsInstanceRole",
            "aws_iam_service_linked_role.ecs",
            "aws_security_group.launchConfig",
            "module.vpc.aws_vpc.this",
            "module.vpc.aws_vpc_ipv4_cidr_block_association.this",
            "aws_ecs_capacity_provider.cp",
            "aws_iam_role.ecsInstanceRole",
            "aws_launch_configuration.launchConfig",
            "data.aws_ami.aws_optimized_ecs",
            "data.aws_availability_zones.available",
            "module.vpc.aws_subnet.public",
            "random_string.random"
          ]
        }
      ]
    },
    {
      "mode": "managed",
      "type": "aws_ecs_service",
      "name": "demo",
      "provider": "provider[\"registry.terraform.io/hashicorp/aws\"]",
      "instances": [
        {
          "schema_version": 0,
          "attributes": {
            "capacity_provider_strategy": [
              {
                "base": 0,
                "capacity_provider": "laravel-cp-9urfa0u8",
                "weight": 1
              }
            ],
            "cluster": "arn:aws:ecs:ap-northeast-2:352485268054:cluster/demo",
            "deployment_circuit_breaker": [],
            "deployment_controller": [
              {
                "type": "CODE_DEPLOY"
              }
            ],
            "deployment_maximum_percent": 200,
            "deployment_minimum_healthy_percent": 100,
            "desired_count": 0,
            "enable_ecs_managed_tags": false,
            "enable_execute_command": false,
            "force_new_deployment": null,
            "health_check_grace_period_seconds": 0,
            "iam_role": "arn:aws:iam::352485268054:role/ecsServiceRole",
            "id": "arn:aws:ecs:ap-northeast-2:352485268054:service/demo/demo",
            "launch_type": "",
            "load_balancer": [
              {
                "container_name": "nginx",
                "container_port": 80,
                "elb_name": "",
                "target_group_arn": "arn:aws:elasticloadbalancing:ap-northeast-2:352485268054:targetgroup/demo-http-green/e8a762bc0f5c81e1"
              }
            ],
            "name": "demo",
            "network_configuration": [],
            "ordered_placement_strategy": [],
            "placement_constraints": [],
            "platform_version": "",
            "propagate_tags": "NONE",
            "scheduling_strategy": "REPLICA",
            "service_registries": [],
            "tags": {},
            "tags_all": {},
            "task_definition": "arn:aws:ecs:ap-northeast-2:352485268054:task-definition/demo:8",
            "timeouts": null,
            "wait_for_steady_state": false
          },
          "sensitive_attributes": [],
          "private": "eyJlMmJmYjczMC1lY2FhLTExZTYtOGY4OC0zNDM2M2JjN2M0YzAiOnsiZGVsZXRlIjoxMjAwMDAwMDAwMDAwfX0=",
          "dependencies": [
            "aws_ecs_capacity_provider.cp",
            "aws_ecs_cluster.demo",
            "aws_ecs_task_definition.demo",
            "aws_iam_role.ecsServiceRole",
            "aws_lb_listener.demo",
            "aws_lb_target_group.demo-blue"
          ]
        }
      ]
    },
    {
      "mode": "managed",
      "type": "aws_ecs_task_definition",
      "name": "demo",
      "provider": "provider[\"registry.terraform.io/hashicorp/aws\"]",
      "instances": [
        {
          "schema_version": 1,
          "attributes": {
            "arn": "arn:aws:ecs:ap-northeast-2:352485268054:task-definition/demo:8",
            "container_definitions": "[{\"cpu\":0,\"environment\":[{\"name\":\"APP_KEY\",\"value\":\"base64:EHhE3uFhqWDJOrsPbt8TbGJ1aqkx523kxKXSjblpvz4=\"},{\"name\":\"DB_DATABASE\",\"value\":\"ebdb\"},{\"name\":\"DB_HOST\",\"value\":\"terraform-20220321134645108000000001.csqfm7ao5z48.ap-northeast-2.rds.amazonaws.com\"},{\"name\":\"DB_PASSWORD\",\"value\":\"ingangdamoa321#\"},{\"name\":\"DB_USERNAME\",\"value\":\"sunggun1\"},{\"name\":\"REDIS_HOST\",\"value\":\"redis.0pumkj.0001.apn2.cache.amazonaws.com\"},{\"name\":\"SESSION_DRIVER\",\"value\":\"redis\"}],\"essential\":true,\"image\":\"352485268054.dkr.ecr.ap-northeast-2.amazonaws.com/demo-php-fpm\",\"logConfiguration\":{\"logDriver\":\"awslogs\",\"options\":{\"awslogs-group\":\"/ecs/demo\",\"awslogs-region\":\"ap-northeast-2\",\"awslogs-stream-prefix\":\"ecs\"}},\"memory\":512,\"mountPoints\":[],\"name\":\"app\",\"portMappings\":[],\"pseudoTerminal\":true,\"secrets\":[],\"volumesFrom\":[]},{\"cpu\":0,\"dependsOn\":[{\"condition\":\"START\",\"containerName\":\"app\"}],\"environment\":[],\"essential\":true,\"image\":\"352485268054.dkr.ecr.ap-northeast-2.amazonaws.com/demo-nginx\",\"links\":[\"app\"],\"logConfiguration\":{\"logDriver\":\"awslogs\",\"options\":{\"awslogs-group\":\"/ecs/demo\",\"awslogs-region\":\"ap-northeast-2\",\"awslogs-stream-prefix\":\"ecs\"}},\"memory\":256,\"mountPoints\":[],\"name\":\"nginx\",\"portMappings\":[{\"containerPort\":80,\"hostPort\":8080,\"protocol\":\"tcp\"}],\"pseudoTerminal\":true,\"secrets\":[],\"volumesFrom\":[]}]",
            "cpu": "",
            "ephemeral_storage": [],
            "execution_role_arn": "arn:aws:iam::352485268054:role/ecs-task-execution-role",
            "family": "demo",
            "id": "demo",
            "inference_accelerator": [],
            "ipc_mode": "",
            "memory": "",
            "network_mode": "bridge",
            "pid_mode": "",
            "placement_constraints": [],
            "proxy_configuration": [],
            "requires_compatibilities": [
              "EC2"
            ],
            "revision": 8,
            "tags": {},
            "tags_all": {},
            "task_role_arn": "arn:aws:iam::352485268054:role/ecs-demo-task-role",
            "volume": []
          },
          "sensitive_attributes": [
            [
              {
                "type": "get_attr",
                "value": "container_definitions"
              }
            ]
          ],
          "private": "eyJzY2hlbWFfdmVyc2lvbiI6IjEifQ==",
          "dependencies": [
            "aws_ecr_repository.demo_php_fpm",
            "aws_iam_role.ecs-demo-task-role",
            "aws_iam_role.ecs-task-execution-role",
            "aws_elasticache_subnet_group.redisSubnet",
            "aws_security_group.redis",
            "module.vpc.aws_subnet.public",
            "aws_db_instance.default",
            "aws_ecr_repository.demo_nginx",
            "aws_elasticache_cluster.redis",
            "aws_security_group.db_instance",
            "data.aws_availability_zones.available",
            "module.vpc.aws_vpc.this",
            "aws_db_parameter_group.mysql-parameters",
            "aws_db_subnet_group.example",
            "module.vpc.aws_vpc_ipv4_cidr_block_association.this"
          ]
        }
      ]
    },
    {
      "mode": "managed",
      "type": "aws_elasticache_cluster",
      "name": "redis",
      "provider": "provider[\"registry.terraform.io/hashicorp/aws\"]",
      "instances": [
        {
          "schema_version": 0,
          "attributes": {
            "apply_immediately": null,
            "arn": "arn:aws:elasticache:ap-northeast-2:352485268054:cluster:redis",
            "availability_zone": "ap-northeast-2b",
            "az_mode": "single-az",
            "cache_nodes": [
              {
                "address": "redis.0pumkj.0001.apn2.cache.amazonaws.com",
                "availability_zone": "ap-northeast-2b",
                "id": "0001",
                "port": 6379
              }
            ],
            "cluster_address": null,
            "cluster_id": "redis",
            "configuration_endpoint": null,
            "engine": "redis",
            "engine_version": "5.0.6",
            "engine_version_actual": "5.0.6",
            "final_snapshot_identifier": null,
            "id": "redis",
            "maintenance_window": "thu:05:00-thu:06:00",
            "node_type": "cache.t2.micro",
            "notification_topic_arn": null,
            "num_cache_nodes": 1,
            "parameter_group_name": "default.redis5.0",
            "port": 6379,
            "preferred_availability_zones": null,
            "replication_group_id": null,
            "security_group_ids": [
              "sg-06456ed2661156f31"
            ],
            "security_group_names": [],
            "snapshot_arns": null,
            "snapshot_name": null,
            "snapshot_retention_limit": 0,
            "snapshot_window": "00:00-01:00",
            "subnet_group_name": "demo-redissubnet",
            "tags": {},
            "tags_all": {}
          },
          "sensitive_attributes": [],
          "private": "bnVsbA==",
          "dependencies": [
            "data.aws_availability_zones.available",
            "module.vpc.aws_subnet.public",
            "module.vpc.aws_vpc.this",
            "module.vpc.aws_vpc_ipv4_cidr_block_association.this",
            "aws_elasticache_subnet_group.redisSubnet",
            "aws_security_group.redis"
          ]
        }
      ]
    },
    {
      "mode": "managed",
      "type": "aws_elasticache_subnet_group",
      "name": "redisSubnet",
      "provider": "provider[\"registry.terraform.io/hashicorp/aws\"]",
      "instances": [
        {
          "schema_version": 0,
          "attributes": {
            "arn": "arn:aws:elasticache:ap-northeast-2:352485268054:subnetgroup:demo-redissubnet",
            "description": "Managed by Terraform",
            "id": "demo-redissubnet",
            "name": "demo-redissubnet",
            "subnet_ids": [
              "subnet-04567ad99be8a1c6c",
              "subnet-060d89983dd1aa152",
              "subnet-0e8b176e40904e06f"
            ],
            "tags": {},
            "tags_all": {}
          },
          "sensitive_attributes": [],
          "private": "bnVsbA==",
          "dependencies": [
            "data.aws_availability_zones.available",
            "module.vpc.aws_subnet.public",
            "module.vpc.aws_vpc.this",
            "module.vpc.aws_vpc_ipv4_cidr_block_association.this"
          ]
        }
      ]
    },
    {
      "mode": "managed",
      "type": "aws_iam_instance_profile",
      "name": "ecsInstanceRole",
      "provider": "provider[\"registry.terraform.io/hashicorp/aws\"]",
      "instances": [
        {
          "schema_version": 0,
          "attributes": {
            "arn": "arn:aws:iam::352485268054:instance-profile/ecsInstanceRole",
            "create_date": "2022-03-18T13:10:24Z",
            "id": "ecsInstanceRole",
            "name": "ecsInstanceRole",
            "name_prefix": null,
            "path": "/",
            "role": "ecsInstanceRole",
            "tags": {},
            "tags_all": {},
            "unique_id": "AIPAVEEOCLJLKDOWHRSOV"
          },
          "sensitive_attributes": [],
          "private": "bnVsbA==",
          "dependencies": [
            "aws_iam_role.ecsInstanceRole"
          ],
          "create_before_destroy": true
        }
      ]
    },
    {
      "mode": "managed",
      "type": "aws_iam_role",
      "name": "demo-codebuild",
      "provider": "provider[\"registry.terraform.io/hashicorp/aws\"]",
      "instances": [
        {
          "schema_version": 0,
          "attributes": {
            "arn": "arn:aws:iam::352485268054:role/demo-codebuild",
            "assume_role_policy": "{\"Version\":\"2012-10-17\",\"Statement\":[{\"Effect\":\"Allow\",\"Principal\":{\"Service\":\"codebuild.amazonaws.com\"},\"Action\":\"sts:AssumeRole\"}]}",
            "create_date": "2022-03-18T13:10:23Z",
            "description": "",
            "force_detach_policies": false,
            "id": "demo-codebuild",
            "inline_policy": [
              {
                "name": "terraform-20220318131026000900000001",
                "policy": "{\n  \"Version\": \"2012-10-17\",\n  \"Statement\": [\n    {\n      \"Effect\": \"Allow\",\n      \"Resource\": [\n        \"*\"\n      ],\n      \"Action\": [\n        \"logs:CreateLogGroup\",\n        \"logs:CreateLogStream\",\n        \"logs:PutLogEvents\"\n      ]\n    },\n    {\n      \"Sid\": \"CodeCommitPolicy\",\n      \"Effect\": \"Allow\",\n      \"Action\": [\n        \"codecommit:GitPull\"\n      ],\n      \"Resource\": [\n        \"*\"\n      ]\n    },\n    {\n      \"Effect\": \"Allow\",\n      \"Action\": [\n        \"ec2:CreateNetworkInterface\",\n        \"ec2:DescribeDhcpOptions\",\n        \"ec2:DescribeNetworkInterfaces\",\n        \"ec2:DeleteNetworkInterface\",\n        \"ec2:DescribeSubnets\",\n        \"ec2:DescribeSecurityGroups\",\n        \"ec2:DescribeVpcs\"\n      ],\n      \"Resource\": \"*\"\n    },\n    {\n      \"Effect\": \"Allow\",\n      \"Action\": [\n        \"s3:*\"\n      ],\n      \"Resource\": [\n        \"arn:aws:s3:::demo-codebuild-cache-9urfa0u8\",\n        \"arn:aws:s3:::demo-codebuild-cache-9urfa0u8/*\"\n      ]\n    },\n    {\n      \"Effect\":\"Allow\",\n      \"Action\": [\n        \"s3:List*\",\n        \"s3:Put*\",\n        \"s3:Get*\"\n      ],\n      \"Resource\": [\n        \"arn:aws:s3:::demo-artifacts-9urfa0u8\",\n        \"arn:aws:s3:::demo-artifacts-9urfa0u8/*\"\n      ]\n    },\n    {\n      \"Sid\": \"ECRPushPolicy\",\n      \"Effect\": \"Allow\",\n      \"Action\": [\n        \"ecr:BatchCheckLayerAvailability\",\n        \"ecr:GetDownloadUrlForLayer\",\n        \"ecr:GetRepositoryPolicy\",\n        \"ecr:DescribeRepositories\",\n        \"ecr:ListImages\",\n        \"ecr:DescribeImages\",\n        \"ecr:BatchGetImage\",\n        \"ecr:InitiateLayerUpload\",\n        \"ecr:UploadLayerPart\",\n        \"ecr:CompleteLayerUpload\",\n        \"ecr:PutImage\"\n      ],\n      \"Resource\": [\n        \"*\"\n      ]\n    },\n    {\n      \"Sid\": \"ECRAuthPolicy\",\n      \"Effect\": \"Allow\",\n      \"Action\": [\n        \"ecr:GetAuthorizationToken\"\n      ],\n      \"Resource\": [\n        \"*\"\n      ]\n    }, \n    {\n      \"Sid\": \"ECS\",\n      \"Effect\": \"Allow\",\n      \"Action\": [\n        \"ecs:List*\",\n        \"ecs:Describe*\"\n      ],\n      \"Resource\": [\n        \"*\"\n      ]\n    }, \n    {\n      \"Effect\": \"Allow\",\n      \"Action\": [\n         \"kms:DescribeKey\",\n         \"kms:GenerateDataKey*\",\n         \"kms:Encrypt\",\n         \"kms:ReEncrypt*\",\n         \"kms:Decrypt\"\n        ],\n      \"Resource\": [\n         \"arn:aws:kms:ap-northeast-2:352485268054:key/43999dd9-c899-43d4-9463-01c4fe9b355d\"\n        ]\n    }\n  ]\n}\n"
              }
            ],
            "managed_policy_arns": [],
            "max_session_duration": 3600,
            "name": "demo-codebuild",
            "name_prefix": "",
            "path": "/",
            "permissions_boundary": null,
            "tags": {},
            "tags_all": {},
            "unique_id": "AROAVEEOCLJLMO6W5IKGM"
          },
          "sensitive_attributes": [],
          "private": "bnVsbA=="
        }
      ]
    },
    {
      "mode": "managed",
      "type": "aws_iam_role",
      "name": "demo-codedeploy",
      "provider": "provider[\"registry.terraform.io/hashicorp/aws\"]",
      "instances": [
        {
          "schema_version": 0,
          "attributes": {
            "arn": "arn:aws:iam::352485268054:role/demo-codedeploy",
            "assume_role_policy": "{\"Version\":\"2012-10-17\",\"Statement\":[{\"Effect\":\"Allow\",\"Principal\":{\"Service\":\"codedeploy.amazonaws.com\"},\"Action\":\"sts:AssumeRole\"}]}",
            "create_date": "2022-03-18T13:10:22Z",
            "description": "",
            "force_detach_policies": false,
            "id": "demo-codedeploy",
            "inline_policy": [
              {
                "name": "codedeploy-policy",
                "policy": "{\n  \"Version\": \"2012-10-17\",\n  \"Statement\": [\n    {\n      \"Sid\": \"\",\n      \"Effect\": \"Allow\",\n      \"Action\": [\n        \"sns:Publish\",\n        \"s3:GetObjectVersion\",\n        \"s3:GetObject\",\n        \"lambda:InvokeFunction\",\n        \"elasticloadbalancing:ModifyRule\",\n        \"elasticloadbalancing:ModifyListener\",\n        \"elasticloadbalancing:DescribeTargetGroups\",\n        \"elasticloadbalancing:DescribeRules\",\n        \"elasticloadbalancing:DescribeListeners\",\n        \"ecs:UpdateServicePrimaryTaskSet\",\n        \"ecs:DescribeServices\",\n        \"ecs:DescribeClusters\",\n        \"ecs:DeleteTaskSet\",\n        \"ecs:CreateTaskSet\",\n        \"cloudwatch:DescribeAlarms\"\n      ],\n      \"Resource\": \"*\"\n    },\n    {\n      \"Sid\": \"\",\n      \"Effect\": \"Allow\",\n      \"Action\": \"s3:Get*\",\n      \"Resource\": \"arn:aws:s3:::demo-artifacts-9urfa0u8/*\"\n    },\n    {\n      \"Sid\": \"\",\n      \"Effect\": \"Allow\",\n      \"Action\": [\n        \"kms:DescribeKey\",\n        \"kms:Decrypt\"\n      ],\n      \"Resource\": \"arn:aws:kms:ap-northeast-2:352485268054:key/43999dd9-c899-43d4-9463-01c4fe9b355d\"\n    },\n    {\n      \"Sid\": \"\",\n      \"Effect\": \"Allow\",\n      \"Action\": \"iam:PassRole\",\n      \"Resource\": [\n        \"arn:aws:iam::352485268054:role/ecs-task-execution-role\",\n        \"arn:aws:iam::352485268054:role/ecs-demo-task-role\"\n      ],\n      \"Condition\": {\n        \"StringLike\": {\n          \"iam:PassedToService\": [\n            \"ecs-tasks.amazonaws.com\"\n          ]\n        }\n      }\n    }\n  ]\n}"
              }
            ],
            "managed_policy_arns": [],
            "max_session_duration": 3600,
            "name": "demo-codedeploy",
            "name_prefix": "",
            "path": "/",
            "permissions_boundary": null,
            "tags": {},
            "tags_all": {},
            "unique_id": "AROAVEEOCLJLI5LAXU67G"
          },
          "sensitive_attributes": [],
          "private": "bnVsbA=="
        }
      ]
    },
    {
      "mode": "managed",
      "type": "aws_iam_role",
      "name": "demo-codepipeline",
      "provider": "provider[\"registry.terraform.io/hashicorp/aws\"]",
      "instances": [
        {
          "schema_version": 0,
          "attributes": {
            "arn": "arn:aws:iam::352485268054:role/demo-codepipeline",
            "assume_role_policy": "{\"Version\":\"2012-10-17\",\"Statement\":[{\"Effect\":\"Allow\",\"Principal\":{\"Service\":\"codepipeline.amazonaws.com\"},\"Action\":\"sts:AssumeRole\"}]}",
            "create_date": "2022-03-18T13:10:20Z",
            "description": "",
            "force_detach_policies": false,
            "id": "demo-codepipeline",
            "inline_policy": [
              {
                "name": "codepipeline-policy",
                "policy": "{\n  \"Version\": \"2012-10-17\",\n  \"Statement\": [\n    {\n      \"Sid\": \"\",\n      \"Effect\": \"Allow\",\n      \"Action\": \"s3:*\",\n      \"Resource\": [\n        \"arn:aws:s3:::demo-artifacts-9urfa0u8/*\",\n        \"arn:aws:s3:::demo-artifacts-9urfa0u8\"\n      ]\n    },\n    {\n      \"Sid\": \"\",\n      \"Effect\": \"Allow\",\n      \"Action\": [\n        \"codebuild:StartBuild\",\n        \"codebuild:BatchGetBuilds\"\n      ],\n      \"Resource\": \"*\"\n    },\n    {\n      \"Sid\": \"\",\n      \"Effect\": \"Allow\",\n      \"Action\": \"sts:AssumeRole\",\n      \"Resource\": \"arn:aws:iam::352485268054:role/demo-codepipeline\"\n    },\n    {\n      \"Sid\": \"\",\n      \"Effect\": \"Allow\",\n      \"Action\": [\n        \"kms:ReEncrypt*\",\n        \"kms:GenerateDataKey*\",\n        \"kms:Encrypt\",\n        \"kms:DescribeKey\",\n        \"kms:Decrypt\"\n      ],\n      \"Resource\": \"arn:aws:kms:ap-northeast-2:352485268054:key/43999dd9-c899-43d4-9463-01c4fe9b355d\"\n    },\n    {\n      \"Sid\": \"\",\n      \"Effect\": \"Allow\",\n      \"Action\": [\n        \"codecommit:UploadArchive\",\n        \"codecommit:GitPull\",\n        \"codecommit:Get*\",\n        \"codecommit:Describe*\",\n        \"codecommit:BatchGet*\",\n        \"codecommit:BatchDescribe*\"\n      ],\n      \"Resource\": \"arn:aws:codecommit:ap-northeast-2:352485268054:demo\"\n    },\n    {\n      \"Sid\": \"\",\n      \"Effect\": \"Allow\",\n      \"Action\": [\n        \"ecs:*\",\n        \"codedeploy:*\"\n      ],\n      \"Resource\": \"*\"\n    },\n    {\n      \"Sid\": \"\",\n      \"Effect\": \"Allow\",\n      \"Action\": \"iam:PassRole\",\n      \"Resource\": [\n        \"arn:aws:iam::352485268054:role/ecs-task-execution-role\",\n        \"arn:aws:iam::352485268054:role/ecs-demo-task-role\"\n      ],\n      \"Condition\": {\n        \"StringLike\": {\n          \"iam:PassedToService\": [\n            \"ecs-tasks.amazonaws.com\"\n          ]\n        }\n      }\n    }\n  ]\n}"
              }
            ],
            "managed_policy_arns": [],
            "max_session_duration": 3600,
            "name": "demo-codepipeline",
            "name_prefix": "",
            "path": "/",
            "permissions_boundary": null,
            "tags": {},
            "tags_all": {},
            "unique_id": "AROAVEEOCLJLCLBBXUBO2"
          },
          "sensitive_attributes": [],
          "private": "bnVsbA=="
        }
      ]
    },
    {
      "mode": "managed",
      "type": "aws_iam_role",
      "name": "ecs-demo-task-role",
      "provider": "provider[\"registry.terraform.io/hashicorp/aws\"]",
      "instances": [
        {
          "schema_version": 0,
          "attributes": {
            "arn": "arn:aws:iam::352485268054:role/ecs-demo-task-role",
            "assume_role_policy": "{\"Version\":\"2012-10-17\",\"Statement\":[{\"Sid\":\"\",\"Effect\":\"Allow\",\"Principal\":{\"Service\":\"ecs-tasks.amazonaws.com\"},\"Action\":\"sts:AssumeRole\"}]}",
            "create_date": "2022-03-18T13:10:20Z",
            "description": "",
            "force_detach_policies": false,
            "id": "ecs-demo-task-role",
            "inline_policy": [
              {
                "name": "",
                "policy": ""
              }
            ],
            "managed_policy_arns": [],
            "max_session_duration": 3600,
            "name": "ecs-demo-task-role",
            "name_prefix": "",
            "path": "/",
            "permissions_boundary": null,
            "tags": {},
            "tags_all": {},
            "unique_id": "AROAVEEOCLJLCWVGJCMYO"
          },
          "sensitive_attributes": [],
          "private": "bnVsbA=="
        }
      ]
    },
    {
      "mode": "managed",
      "type": "aws_iam_role",
      "name": "ecs-task-execution-role",
      "provider": "provider[\"registry.terraform.io/hashicorp/aws\"]",
      "instances": [
        {
          "schema_version": 0,
          "attributes": {
            "arn": "arn:aws:iam::352485268054:role/ecs-task-execution-role",
            "assume_role_policy": "{\"Version\":\"2012-10-17\",\"Statement\":[{\"Sid\":\"\",\"Effect\":\"Allow\",\"Principal\":{\"Service\":\"ecs-tasks.amazonaws.com\"},\"Action\":\"sts:AssumeRole\"}]}",
            "create_date": "2022-03-18T13:10:20Z",
            "description": "",
            "force_detach_policies": false,
            "id": "ecs-task-execution-role",
            "inline_policy": [
              {
                "name": "ecs-task-execution-role",
                "policy": "{\n  \"Version\": \"2012-10-17\",\n  \"Statement\": [\n    {\n      \"Effect\": \"Allow\",\n      \"Action\": [\n        \"ecr:GetAuthorizationToken\",\n        \"ecr:BatchCheckLayerAvailability\",\n        \"ecr:GetDownloadUrlForLayer\",\n        \"ecr:BatchGetImage\",\n        \"logs:CreateLogStream\",\n        \"logs:PutLogEvents\",\n        \"ssm:GetParameters\",\n        \"ssm:GetParameter\",\n        \"ecs:DescribeClusters\"\n      ],\n      \"Resource\": \"*\"\n    }\n  ]\n}\n"
              }
            ],
            "managed_policy_arns": [],
            "max_session_duration": 3600,
            "name": "ecs-task-execution-role",
            "name_prefix": "",
            "path": "/",
            "permissions_boundary": null,
            "tags": {},
            "tags_all": {},
            "unique_id": "AROAVEEOCLJLGSUUNTLKI"
          },
          "sensitive_attributes": [],
          "private": "bnVsbA=="
        }
      ]
    },
    {
      "mode": "managed",
      "type": "aws_iam_role",
      "name": "ecsInstanceRole",
      "provider": "provider[\"registry.terraform.io/hashicorp/aws\"]",
      "instances": [
        {
          "schema_version": 0,
          "attributes": {
            "arn": "arn:aws:iam::352485268054:role/ecsInstanceRole",
            "assume_role_policy": "{\"Version\":\"2008-10-17\",\"Statement\":[{\"Sid\":\"\",\"Effect\":\"Allow\",\"Principal\":{\"Service\":\"ec2.amazonaws.com\"},\"Action\":\"sts:AssumeRole\"}]}",
            "create_date": "2022-03-18T13:10:20Z",
            "description": "",
            "force_detach_policies": false,
            "id": "ecsInstanceRole",
            "inline_policy": [
              {
                "name": "ecsInstanceRole",
                "policy": "{\n  \"Version\": \"2012-10-17\",\n  \"Statement\": [\n    {\n      \"Effect\": \"Allow\",\n      \"Action\": [\n          \"ec2:DescribeTags\",\n          \"ecs:CreateCluster\",\n          \"ecs:DeregisterContainerInstance\",\n          \"ecs:DiscoverPollEndpoint\",\n          \"ecs:Poll\",\n          \"ecs:RegisterContainerInstance\",\n          \"ecs:StartTelemetrySession\",\n          \"ecs:UpdateContainerInstancesState\",\n          \"ecs:Submit*\",\n          \"ecr:GetAuthorizationToken\",\n          \"ecr:BatchCheckLayerAvailability\",\n          \"ecr:GetDownloadUrlForLayer\",\n          \"ecr:BatchGetImage\",\n          \"logs:CreateLogStream\",\n          \"logs:PutLogEvents\"\n      ],\n      \"Resource\": \"*\"\n    }\n  ]\n}\n"
              }
            ],
            "managed_policy_arns": [],
            "max_session_duration": 3600,
            "name": "ecsInstanceRole",
            "name_prefix": "",
            "path": "/",
            "permissions_boundary": null,
            "tags": {},
            "tags_all": {},
            "unique_id": "AROAVEEOCLJLGTRP7W632"
          },
          "sensitive_attributes": [],
          "private": "bnVsbA==",
          "create_before_destroy": true
        }
      ]
    },
    {
      "mode": "managed",
      "type": "aws_iam_role",
      "name": "ecsServiceRole",
      "provider": "provider[\"registry.terraform.io/hashicorp/aws\"]",
      "instances": [
        {
          "schema_version": 0,
          "attributes": {
            "arn": "arn:aws:iam::352485268054:role/ecsServiceRole",
            "assume_role_policy": "{\"Version\":\"2008-10-17\",\"Statement\":[{\"Sid\":\"\",\"Effect\":\"Allow\",\"Principal\":{\"Service\":\"ecs.amazonaws.com\"},\"Action\":\"sts:AssumeRole\"}]}",
            "create_date": "2022-03-18T13:10:20Z",
            "description": "",
            "force_detach_policies": false,
            "id": "ecsServiceRole",
            "inline_policy": [
              {
                "name": "ecsServiceRole",
                "policy": "{\n    \"Version\": \"2012-10-17\",\n    \"Statement\": [\n        {\n            \"Effect\": \"Allow\",\n            \"Action\": [\n                \"ec2:AuthorizeSecurityGroupIngress\",\n                \"ec2:Describe*\",\n                \"elasticloadbalancing:DeregisterInstancesFromLoadBalancer\",\n                \"elasticloadbalancing:DeregisterTargets\",\n                \"elasticloadbalancing:Describe*\",\n                \"elasticloadbalancing:RegisterInstancesWithLoadBalancer\",\n                \"elasticloadbalancing:RegisterTargets\"\n            ],\n            \"Resource\": \"*\"\n        }\n    ]\n}\n"
              }
            ],
            "managed_policy_arns": [],
            "max_session_duration": 3600,
            "name": "ecsServiceRole",
            "name_prefix": "",
            "path": "/",
            "permissions_boundary": null,
            "tags": {},
            "tags_all": {},
            "unique_id": "AROAVEEOCLJLHDGFXBES3"
          },
          "sensitive_attributes": [],
          "private": "bnVsbA=="
        }
      ]
    },
    {
      "mode": "managed",
      "type": "aws_iam_role_policy",
      "name": "demo-codebuild",
      "provider": "provider[\"registry.terraform.io/hashicorp/aws\"]",
      "instances": [
        {
          "schema_version": 0,
          "attributes": {
            "id": "demo-codebuild:terraform-20220318131026000900000001",
            "name": "terraform-20220318131026000900000001",
            "name_prefix": null,
            "policy": "{\n  \"Version\": \"2012-10-17\",\n  \"Statement\": [\n    {\n      \"Effect\": \"Allow\",\n      \"Resource\": [\n        \"*\"\n      ],\n      \"Action\": [\n        \"logs:CreateLogGroup\",\n        \"logs:CreateLogStream\",\n        \"logs:PutLogEvents\"\n      ]\n    },\n    {\n      \"Sid\": \"CodeCommitPolicy\",\n      \"Effect\": \"Allow\",\n      \"Action\": [\n        \"codecommit:GitPull\"\n      ],\n      \"Resource\": [\n        \"*\"\n      ]\n    },\n    {\n      \"Effect\": \"Allow\",\n      \"Action\": [\n        \"ec2:CreateNetworkInterface\",\n        \"ec2:DescribeDhcpOptions\",\n        \"ec2:DescribeNetworkInterfaces\",\n        \"ec2:DeleteNetworkInterface\",\n        \"ec2:DescribeSubnets\",\n        \"ec2:DescribeSecurityGroups\",\n        \"ec2:DescribeVpcs\"\n      ],\n      \"Resource\": \"*\"\n    },\n    {\n      \"Effect\": \"Allow\",\n      \"Action\": [\n        \"s3:*\"\n      ],\n      \"Resource\": [\n        \"arn:aws:s3:::demo-codebuild-cache-9urfa0u8\",\n        \"arn:aws:s3:::demo-codebuild-cache-9urfa0u8/*\"\n      ]\n    },\n    {\n      \"Effect\":\"Allow\",\n      \"Action\": [\n        \"s3:List*\",\n        \"s3:Put*\",\n        \"s3:Get*\"\n      ],\n      \"Resource\": [\n        \"arn:aws:s3:::demo-artifacts-9urfa0u8\",\n        \"arn:aws:s3:::demo-artifacts-9urfa0u8/*\"\n      ]\n    },\n    {\n      \"Sid\": \"ECRPushPolicy\",\n      \"Effect\": \"Allow\",\n      \"Action\": [\n        \"ecr:BatchCheckLayerAvailability\",\n        \"ecr:GetDownloadUrlForLayer\",\n        \"ecr:GetRepositoryPolicy\",\n        \"ecr:DescribeRepositories\",\n        \"ecr:ListImages\",\n        \"ecr:DescribeImages\",\n        \"ecr:BatchGetImage\",\n        \"ecr:InitiateLayerUpload\",\n        \"ecr:UploadLayerPart\",\n        \"ecr:CompleteLayerUpload\",\n        \"ecr:PutImage\"\n      ],\n      \"Resource\": [\n        \"*\"\n      ]\n    },\n    {\n      \"Sid\": \"ECRAuthPolicy\",\n      \"Effect\": \"Allow\",\n      \"Action\": [\n        \"ecr:GetAuthorizationToken\"\n      ],\n      \"Resource\": [\n        \"*\"\n      ]\n    }, \n    {\n      \"Sid\": \"ECS\",\n      \"Effect\": \"Allow\",\n      \"Action\": [\n        \"ecs:List*\",\n        \"ecs:Describe*\"\n      ],\n      \"Resource\": [\n        \"*\"\n      ]\n    }, \n    {\n      \"Effect\": \"Allow\",\n      \"Action\": [\n         \"kms:DescribeKey\",\n         \"kms:GenerateDataKey*\",\n         \"kms:Encrypt\",\n         \"kms:ReEncrypt*\",\n         \"kms:Decrypt\"\n        ],\n      \"Resource\": [\n         \"arn:aws:kms:ap-northeast-2:352485268054:key/43999dd9-c899-43d4-9463-01c4fe9b355d\"\n        ]\n    }\n  ]\n}\n",
            "role": "demo-codebuild"
          },
          "sensitive_attributes": [],
          "private": "bnVsbA==",
          "dependencies": [
            "aws_s3_bucket.demo-artifacts",
            "data.aws_caller_identity.current",
            "data.aws_iam_policy_document.demo-artifacts-kms-policy",
            "random_string.random",
            "aws_iam_role.demo-codebuild",
            "aws_kms_key.demo-artifacts",
            "aws_s3_bucket.codebuild-cache"
          ]
        }
      ]
    },
    {
      "mode": "managed",
      "type": "aws_iam_role_policy",
      "name": "demo-codedeploy",
      "provider": "provider[\"registry.terraform.io/hashicorp/aws\"]",
      "instances": [
        {
          "schema_version": 0,
          "attributes": {
            "id": "demo-codedeploy:codedeploy-policy",
            "name": "codedeploy-policy",
            "name_prefix": null,
            "policy": "{\n  \"Version\": \"2012-10-17\",\n  \"Statement\": [\n    {\n      \"Sid\": \"\",\n      \"Effect\": \"Allow\",\n      \"Action\": [\n        \"sns:Publish\",\n        \"s3:GetObjectVersion\",\n        \"s3:GetObject\",\n        \"lambda:InvokeFunction\",\n        \"elasticloadbalancing:ModifyRule\",\n        \"elasticloadbalancing:ModifyListener\",\n        \"elasticloadbalancing:DescribeTargetGroups\",\n        \"elasticloadbalancing:DescribeRules\",\n        \"elasticloadbalancing:DescribeListeners\",\n        \"ecs:UpdateServicePrimaryTaskSet\",\n        \"ecs:DescribeServices\",\n        \"ecs:DescribeClusters\",\n        \"ecs:DeleteTaskSet\",\n        \"ecs:CreateTaskSet\",\n        \"cloudwatch:DescribeAlarms\"\n      ],\n      \"Resource\": \"*\"\n    },\n    {\n      \"Sid\": \"\",\n      \"Effect\": \"Allow\",\n      \"Action\": \"s3:Get*\",\n      \"Resource\": \"arn:aws:s3:::demo-artifacts-9urfa0u8/*\"\n    },\n    {\n      \"Sid\": \"\",\n      \"Effect\": \"Allow\",\n      \"Action\": [\n        \"kms:DescribeKey\",\n        \"kms:Decrypt\"\n      ],\n      \"Resource\": \"arn:aws:kms:ap-northeast-2:352485268054:key/43999dd9-c899-43d4-9463-01c4fe9b355d\"\n    },\n    {\n      \"Sid\": \"\",\n      \"Effect\": \"Allow\",\n      \"Action\": \"iam:PassRole\",\n      \"Resource\": [\n        \"arn:aws:iam::352485268054:role/ecs-task-execution-role\",\n        \"arn:aws:iam::352485268054:role/ecs-demo-task-role\"\n      ],\n      \"Condition\": {\n        \"StringLike\": {\n          \"iam:PassedToService\": [\n            \"ecs-tasks.amazonaws.com\"\n          ]\n        }\n      }\n    }\n  ]\n}",
            "role": "demo-codedeploy"
          },
          "sensitive_attributes": [],
          "private": "bnVsbA==",
          "dependencies": [
            "aws_s3_bucket.demo-artifacts",
            "data.aws_caller_identity.current",
            "data.aws_iam_policy_document.demo-artifacts-kms-policy",
            "data.aws_iam_policy_document.demo-codedeploy-role-policy",
            "random_string.random",
            "aws_iam_role.demo-codedeploy",
            "aws_iam_role.ecs-demo-task-role",
            "aws_iam_role.ecs-task-execution-role",
            "aws_kms_key.demo-artifacts"
          ]
        }
      ]
    },
    {
      "mode": "managed",
      "type": "aws_iam_role_policy",
      "name": "demo-codepipeline",
      "provider": "provider[\"registry.terraform.io/hashicorp/aws\"]",
      "instances": [
        {
          "schema_version": 0,
          "attributes": {
            "id": "demo-codepipeline:codepipeline-policy",
            "name": "codepipeline-policy",
            "name_prefix": null,
            "policy": "{\n  \"Version\": \"2012-10-17\",\n  \"Statement\": [\n    {\n      \"Sid\": \"\",\n      \"Effect\": \"Allow\",\n      \"Action\": \"s3:*\",\n      \"Resource\": [\n        \"arn:aws:s3:::demo-artifacts-9urfa0u8/*\",\n        \"arn:aws:s3:::demo-artifacts-9urfa0u8\"\n      ]\n    },\n    {\n      \"Sid\": \"\",\n      \"Effect\": \"Allow\",\n      \"Action\": [\n        \"codebuild:StartBuild\",\n        \"codebuild:BatchGetBuilds\"\n      ],\n      \"Resource\": \"*\"\n    },\n    {\n      \"Sid\": \"\",\n      \"Effect\": \"Allow\",\n      \"Action\": \"sts:AssumeRole\",\n      \"Resource\": \"arn:aws:iam::352485268054:role/demo-codepipeline\"\n    },\n    {\n      \"Sid\": \"\",\n      \"Effect\": \"Allow\",\n      \"Action\": [\n        \"kms:ReEncrypt*\",\n        \"kms:GenerateDataKey*\",\n        \"kms:Encrypt\",\n        \"kms:DescribeKey\",\n        \"kms:Decrypt\"\n      ],\n      \"Resource\": \"arn:aws:kms:ap-northeast-2:352485268054:key/43999dd9-c899-43d4-9463-01c4fe9b355d\"\n    },\n    {\n      \"Sid\": \"\",\n      \"Effect\": \"Allow\",\n      \"Action\": [\n        \"codecommit:UploadArchive\",\n        \"codecommit:GitPull\",\n        \"codecommit:Get*\",\n        \"codecommit:Describe*\",\n        \"codecommit:BatchGet*\",\n        \"codecommit:BatchDescribe*\"\n      ],\n      \"Resource\": \"arn:aws:codecommit:ap-northeast-2:352485268054:demo\"\n    },\n    {\n      \"Sid\": \"\",\n      \"Effect\": \"Allow\",\n      \"Action\": [\n        \"ecs:*\",\n        \"codedeploy:*\"\n      ],\n      \"Resource\": \"*\"\n    },\n    {\n      \"Sid\": \"\",\n      \"Effect\": \"Allow\",\n      \"Action\": \"iam:PassRole\",\n      \"Resource\": [\n        \"arn:aws:iam::352485268054:role/ecs-task-execution-role\",\n        \"arn:aws:iam::352485268054:role/ecs-demo-task-role\"\n      ],\n      \"Condition\": {\n        \"StringLike\": {\n          \"iam:PassedToService\": [\n            \"ecs-tasks.amazonaws.com\"\n          ]\n        }\n      }\n    }\n  ]\n}",
            "role": "demo-codepipeline"
          },
          "sensitive_attributes": [],
          "private": "bnVsbA==",
          "dependencies": [
            "aws_codecommit_repository.demo",
            "aws_iam_role.ecs-demo-task-role",
            "aws_iam_role.ecs-task-execution-role",
            "data.aws_iam_policy_document.demo-codepipeline-role-policy",
            "random_string.random",
            "aws_iam_role.demo-codepipeline",
            "aws_kms_key.demo-artifacts",
            "aws_s3_bucket.demo-artifacts",
            "data.aws_caller_identity.current",
            "data.aws_iam_policy_document.demo-artifacts-kms-policy"
          ]
        }
      ]
    },
    {
      "mode": "managed",
      "type": "aws_iam_role_policy",
      "name": "ecs-task-execution-role",
      "provider": "provider[\"registry.terraform.io/hashicorp/aws\"]",
      "instances": [
        {
          "schema_version": 0,
          "attributes": {
            "id": "ecs-task-execution-role:ecs-task-execution-role",
            "name": "ecs-task-execution-role",
            "name_prefix": null,
            "policy": "{\n  \"Version\": \"2012-10-17\",\n  \"Statement\": [\n    {\n      \"Effect\": \"Allow\",\n      \"Action\": [\n        \"ecr:GetAuthorizationToken\",\n        \"ecr:BatchCheckLayerAvailability\",\n        \"ecr:GetDownloadUrlForLayer\",\n        \"ecr:BatchGetImage\",\n        \"logs:CreateLogStream\",\n        \"logs:PutLogEvents\",\n        \"ssm:GetParameters\",\n        \"ssm:GetParameter\",\n        \"ecs:DescribeClusters\"\n      ],\n      \"Resource\": \"*\"\n    }\n  ]\n}\n",
            "role": "ecs-task-execution-role"
          },
          "sensitive_attributes": [],
          "private": "bnVsbA==",
          "dependencies": [
            "aws_iam_role.ecs-task-execution-role"
          ]
        }
      ]
    },
    {
      "mode": "managed",
      "type": "aws_iam_role_policy",
      "name": "ecsInstanceRole",
      "provider": "provider[\"registry.terraform.io/hashicorp/aws\"]",
      "instances": [
        {
          "schema_version": 0,
          "attributes": {
            "id": "ecsInstanceRole:ecsInstanceRole",
            "name": "ecsInstanceRole",
            "name_prefix": null,
            "policy": "{\n  \"Version\": \"2012-10-17\",\n  \"Statement\": [\n    {\n      \"Effect\": \"Allow\",\n      \"Action\": [\n          \"ec2:DescribeTags\",\n          \"ecs:CreateCluster\",\n          \"ecs:DeregisterContainerInstance\",\n          \"ecs:DiscoverPollEndpoint\",\n          \"ecs:Poll\",\n          \"ecs:RegisterContainerInstance\",\n          \"ecs:StartTelemetrySession\",\n          \"ecs:UpdateContainerInstancesState\",\n          \"ecs:Submit*\",\n          \"ecr:GetAuthorizationToken\",\n          \"ecr:BatchCheckLayerAvailability\",\n          \"ecr:GetDownloadUrlForLayer\",\n          \"ecr:BatchGetImage\",\n          \"logs:CreateLogStream\",\n          \"logs:PutLogEvents\"\n      ],\n      \"Resource\": \"*\"\n    }\n  ]\n}\n",
            "role": "ecsInstanceRole"
          },
          "sensitive_attributes": [],
          "private": "bnVsbA==",
          "dependencies": [
            "aws_iam_role.ecsInstanceRole"
          ]
        }
      ]
    },
    {
      "mode": "managed",
      "type": "aws_iam_role_policy",
      "name": "ecsServiceRole",
      "provider": "provider[\"registry.terraform.io/hashicorp/aws\"]",
      "instances": [
        {
          "schema_version": 0,
          "attributes": {
            "id": "ecsServiceRole:ecsServiceRole",
            "name": "ecsServiceRole",
            "name_prefix": null,
            "policy": "{\n    \"Version\": \"2012-10-17\",\n    \"Statement\": [\n        {\n            \"Effect\": \"Allow\",\n            \"Action\": [\n                \"ec2:AuthorizeSecurityGroupIngress\",\n                \"ec2:Describe*\",\n                \"elasticloadbalancing:DeregisterInstancesFromLoadBalancer\",\n                \"elasticloadbalancing:DeregisterTargets\",\n                \"elasticloadbalancing:Describe*\",\n                \"elasticloadbalancing:RegisterInstancesWithLoadBalancer\",\n                \"elasticloadbalancing:RegisterTargets\"\n            ],\n            \"Resource\": \"*\"\n        }\n    ]\n}\n",
            "role": "ecsServiceRole"
          },
          "sensitive_attributes": [],
          "private": "bnVsbA==",
          "dependencies": [
            "aws_iam_role.ecsServiceRole"
          ]
        }
      ]
    },
    {
      "mode": "managed",
      "type": "aws_iam_service_linked_role",
      "name": "ecs",
      "provider": "provider[\"registry.terraform.io/hashicorp/aws\"]",
      "instances": [
        {
          "schema_version": 0,
          "attributes": {
            "arn": "arn:aws:iam::352485268054:role/aws-service-role/ecs.amazonaws.com/AWSServiceRoleForECS",
            "aws_service_name": "ecs.amazonaws.com",
            "create_date": "2022-03-18T13:10:20Z",
            "custom_suffix": "",
            "description": "",
            "id": "arn:aws:iam::352485268054:role/aws-service-role/ecs.amazonaws.com/AWSServiceRoleForECS",
            "name": "AWSServiceRoleForECS",
            "path": "/aws-service-role/ecs.amazonaws.com/",
            "unique_id": "AROAVEEOCLJLAMICTQ3C3"
          },
          "sensitive_attributes": [],
          "private": "bnVsbA=="
        }
      ]
    },
    {
      "mode": "managed",
      "type": "aws_kms_alias",
      "name": "demo-artifacts",
      "provider": "provider[\"registry.terraform.io/hashicorp/aws\"]",
      "instances": [
        {
          "schema_version": 0,
          "attributes": {
            "arn": "arn:aws:kms:ap-northeast-2:352485268054:alias/demo-artifacts",
            "id": "alias/demo-artifacts",
            "name": "alias/demo-artifacts",
            "name_prefix": "",
            "target_key_arn": "arn:aws:kms:ap-northeast-2:352485268054:key/43999dd9-c899-43d4-9463-01c4fe9b355d",
            "target_key_id": "43999dd9-c899-43d4-9463-01c4fe9b355d"
          },
          "sensitive_attributes": [],
          "private": "bnVsbA==",
          "dependencies": [
            "aws_kms_key.demo-artifacts",
            "data.aws_caller_identity.current",
            "data.aws_iam_policy_document.demo-artifacts-kms-policy"
          ]
        }
      ]
    },
    {
      "mode": "managed",
      "type": "aws_kms_key",
      "name": "demo-artifacts",
      "provider": "provider[\"registry.terraform.io/hashicorp/aws\"]",
      "instances": [
        {
          "schema_version": 0,
          "attributes": {
            "arn": "arn:aws:kms:ap-northeast-2:352485268054:key/43999dd9-c899-43d4-9463-01c4fe9b355d",
            "bypass_policy_lockout_safety_check": false,
            "customer_master_key_spec": "SYMMETRIC_DEFAULT",
            "deletion_window_in_days": null,
            "description": "kms key for demo artifacts",
            "enable_key_rotation": false,
            "id": "43999dd9-c899-43d4-9463-01c4fe9b355d",
            "is_enabled": true,
            "key_id": "43999dd9-c899-43d4-9463-01c4fe9b355d",
            "key_usage": "ENCRYPT_DECRYPT",
            "policy": "{\"Id\":\"key-default-1\",\"Statement\":[{\"Action\":\"kms:*\",\"Effect\":\"Allow\",\"Principal\":{\"AWS\":\"arn:aws:iam::352485268054:root\"},\"Resource\":\"*\",\"Sid\":\"Enable IAM User Permissions\"}],\"Version\":\"2012-10-17\"}",
            "tags": {},
            "tags_all": {}
          },
          "sensitive_attributes": [],
          "private": "bnVsbA==",
          "dependencies": [
            "data.aws_caller_identity.current",
            "data.aws_iam_policy_document.demo-artifacts-kms-policy"
          ]
        }
      ]
    },
    {
      "mode": "managed",
      "type": "aws_launch_configuration",
      "name": "launchConfig",
      "provider": "provider[\"registry.terraform.io/hashicorp/aws\"]",
      "instances": [
        {
          "schema_version": 0,
          "attributes": {
            "arn": "arn:aws:autoscaling:ap-northeast-2:352485268054:launchConfiguration:545a0256-18d0-48e4-9668-6dd6320f3bf0:launchConfigurationName/laravel-launchConfig20220422045820168300000001",
            "associate_public_ip_address": false,
            "ebs_block_device": [],
            "ebs_optimized": false,
            "enable_monitoring": true,
            "ephemeral_block_device": [],
            "iam_instance_profile": "ecsInstanceRole",
            "id": "laravel-launchConfig20220422045820168300000001",
            "image_id": "ami-0ef7a2936ae1e00cc",
            "instance_type": "t2.micro",
            "key_name": "",
            "metadata_options": [],
            "name": "laravel-launchConfig20220422045820168300000001",
            "name_prefix": "laravel-launchConfig",
            "placement_tenancy": null,
            "root_block_device": [
              {
                "delete_on_termination": true,
                "encrypted": false,
                "iops": 0,
                "throughput": 0,
                "volume_size": 30,
                "volume_type": "gp2"
              }
            ],
            "security_groups": [
              "sg-0fc1b7826ea4fe239"
            ],
            "spot_price": "",
            "user_data": "f92ea848bd3bc551f715b68c037b13598474ae8c",
            "user_data_base64": null,
            "vpc_classic_link_id": "",
            "vpc_classic_link_security_groups": []
          },
          "sensitive_attributes": [],
          "private": "bnVsbA==",
          "dependencies": [
            "aws_iam_role.ecsInstanceRole",
            "aws_security_group.launchConfig",
            "data.aws_ami.aws_optimized_ecs",
            "module.vpc.aws_vpc.this",
            "aws_iam_instance_profile.ecsInstanceRole"
          ],
          "create_before_destroy": true
        }
      ]
    },
    {
      "mode": "managed",
      "type": "aws_lb",
      "name": "demo",
      "provider": "provider[\"registry.terraform.io/hashicorp/aws\"]",
      "instances": [
        {
          "schema_version": 0,
          "attributes": {
            "access_logs": [
              {
                "bucket": "",
                "enabled": false,
                "prefix": ""
              }
            ],
            "arn": "arn:aws:elasticloadbalancing:ap-northeast-2:352485268054:loadbalancer/app/demo/2c96cba706248576",
            "arn_suffix": "app/demo/2c96cba706248576",
            "customer_owned_ipv4_pool": "",
            "dns_name": "demo-257674007.ap-northeast-2.elb.amazonaws.com",
            "drop_invalid_header_fields": false,
            "enable_cross_zone_load_balancing": null,
            "enable_deletion_protection": false,
            "enable_http2": true,
            "id": "arn:aws:elasticloadbalancing:ap-northeast-2:352485268054:loadbalancer/app/demo/2c96cba706248576",
            "idle_timeout": 60,
            "internal": false,
            "ip_address_type": "ipv4",
            "load_balancer_type": "application",
            "name": "demo",
            "name_prefix": null,
            "security_groups": [
              "sg-01582a8c28a2cf6ca"
            ],
            "subnet_mapping": [
              {
                "allocation_id": "",
                "ipv6_address": "",
                "outpost_id": "",
                "private_ipv4_address": "",
                "subnet_id": "subnet-04567ad99be8a1c6c"
              },
              {
                "allocation_id": "",
                "ipv6_address": "",
                "outpost_id": "",
                "private_ipv4_address": "",
                "subnet_id": "subnet-060d89983dd1aa152"
              },
              {
                "allocation_id": "",
                "ipv6_address": "",
                "outpost_id": "",
                "private_ipv4_address": "",
                "subnet_id": "subnet-0e8b176e40904e06f"
              }
            ],
            "subnets": [
              "subnet-04567ad99be8a1c6c",
              "subnet-060d89983dd1aa152",
              "subnet-0e8b176e40904e06f"
            ],
            "tags": {},
            "tags_all": {},
            "timeouts": null,
            "vpc_id": "vpc-0af030d5401e69fc3",
            "zone_id": "ZWKZPGTI48KDX"
          },
          "sensitive_attributes": [],
          "private": "eyJlMmJmYjczMC1lY2FhLTExZTYtOGY4OC0zNDM2M2JjN2M0YzAiOnsiY3JlYXRlIjo2MDAwMDAwMDAwMDAsImRlbGV0ZSI6NjAwMDAwMDAwMDAwLCJ1cGRhdGUiOjYwMDAwMDAwMDAwMH19",
          "dependencies": [
            "aws_security_group.lb_sg",
            "data.aws_availability_zones.available",
            "module.vpc.aws_subnet.public",
            "module.vpc.aws_vpc.this",
            "module.vpc.aws_vpc_ipv4_cidr_block_association.this"
          ]
        }
      ]
    },
    {
      "mode": "managed",
      "type": "aws_lb_listener",
      "name": "demo",
      "provider": "provider[\"registry.terraform.io/hashicorp/aws\"]",
      "instances": [
        {
          "schema_version": 0,
          "attributes": {
            "alpn_policy": null,
            "arn": "arn:aws:elasticloadbalancing:ap-northeast-2:352485268054:listener/app/demo/2c96cba706248576/23561790a10a847d",
            "certificate_arn": null,
            "default_action": [
              {
                "authenticate_cognito": [],
                "authenticate_oidc": [],
                "fixed_response": [],
                "forward": [],
                "order": 1,
                "redirect": [],
                "target_group_arn": "arn:aws:elasticloadbalancing:ap-northeast-2:352485268054:targetgroup/demo-http-green/e8a762bc0f5c81e1",
                "type": "forward"
              }
            ],
            "id": "arn:aws:elasticloadbalancing:ap-northeast-2:352485268054:listener/app/demo/2c96cba706248576/23561790a10a847d",
            "load_balancer_arn": "arn:aws:elasticloadbalancing:ap-northeast-2:352485268054:loadbalancer/app/demo/2c96cba706248576",
            "port": 80,
            "protocol": "HTTP",
            "ssl_policy": "",
            "tags": {},
            "tags_all": {},
            "timeouts": null
          },
          "sensitive_attributes": [],
          "private": "eyJlMmJmYjczMC1lY2FhLTExZTYtOGY4OC0zNDM2M2JjN2M0YzAiOnsicmVhZCI6NjAwMDAwMDAwMDAwfX0=",
          "dependencies": [
            "data.aws_availability_zones.available",
            "module.vpc.aws_subnet.public",
            "module.vpc.aws_vpc.this",
            "module.vpc.aws_vpc_ipv4_cidr_block_association.this",
            "aws_lb.demo",
            "aws_lb_target_group.demo-blue",
            "aws_lb_target_group.demo-green",
            "aws_security_group.lb_sg"
          ]
        }
      ]
    },
    {
      "mode": "managed",
      "type": "aws_lb_target_group",
      "name": "demo-blue",
      "provider": "provider[\"registry.terraform.io/hashicorp/aws\"]",
      "instances": [
        {
          "schema_version": 0,
          "attributes": {
            "arn": "arn:aws:elasticloadbalancing:ap-northeast-2:352485268054:targetgroup/demo-http-blue/0314281da4509c1e",
            "arn_suffix": "targetgroup/demo-http-blue/0314281da4509c1e",
            "deregistration_delay": 30,
            "health_check": [
              {
                "enabled": true,
                "healthy_threshold": 5,
                "interval": 30,
                "matcher": "200",
                "path": "/",
                "port": "traffic-port",
                "protocol": "HTTP",
                "timeout": 5,
                "unhealthy_threshold": 5
              }
            ],
            "id": "arn:aws:elasticloadbalancing:ap-northeast-2:352485268054:targetgroup/demo-http-blue/0314281da4509c1e",
            "lambda_multi_value_headers_enabled": false,
            "load_balancing_algorithm_type": "round_robin",
            "name": "demo-http-blue",
            "name_prefix": null,
            "port": 80,
            "preserve_client_ip": null,
            "protocol": "HTTP",
            "protocol_version": "HTTP1",
            "proxy_protocol_v2": false,
            "slow_start": 0,
            "stickiness": [
              {
                "cookie_duration": 86400,
                "cookie_name": "",
                "enabled": false,
                "type": "lb_cookie"
              }
            ],
            "tags": {},
            "tags_all": {},
            "target_type": "instance",
            "vpc_id": "vpc-0af030d5401e69fc3"
          },
          "sensitive_attributes": [],
          "private": "bnVsbA==",
          "dependencies": [
            "module.vpc.aws_vpc.this"
          ]
        }
      ]
    },
    {
      "mode": "managed",
      "type": "aws_lb_target_group",
      "name": "demo-green",
      "provider": "provider[\"registry.terraform.io/hashicorp/aws\"]",
      "instances": [
        {
          "schema_version": 0,
          "attributes": {
            "arn": "arn:aws:elasticloadbalancing:ap-northeast-2:352485268054:targetgroup/demo-http-green/e8a762bc0f5c81e1",
            "arn_suffix": "targetgroup/demo-http-green/e8a762bc0f5c81e1",
            "deregistration_delay": 30,
            "health_check": [
              {
                "enabled": true,
                "healthy_threshold": 5,
                "interval": 30,
                "matcher": "200",
                "path": "/",
                "port": "traffic-port",
                "protocol": "HTTP",
                "timeout": 5,
                "unhealthy_threshold": 5
              }
            ],
            "id": "arn:aws:elasticloadbalancing:ap-northeast-2:352485268054:targetgroup/demo-http-green/e8a762bc0f5c81e1",
            "lambda_multi_value_headers_enabled": false,
            "load_balancing_algorithm_type": "round_robin",
            "name": "demo-http-green",
            "name_prefix": null,
            "port": 80,
            "preserve_client_ip": null,
            "protocol": "HTTP",
            "protocol_version": "HTTP1",
            "proxy_protocol_v2": false,
            "slow_start": 0,
            "stickiness": [
              {
                "cookie_duration": 86400,
                "cookie_name": "",
                "enabled": false,
                "type": "lb_cookie"
              }
            ],
            "tags": {},
            "tags_all": {},
            "target_type": "instance",
            "vpc_id": "vpc-0af030d5401e69fc3"
          },
          "sensitive_attributes": [],
          "private": "bnVsbA==",
          "dependencies": [
            "module.vpc.aws_vpc.this"
          ]
        }
      ]
    },
    {
      "mode": "managed",
      "type": "aws_s3_bucket",
      "name": "codebuild-cache",
      "provider": "provider[\"registry.terraform.io/hashicorp/aws\"]",
      "instances": [
        {
          "schema_version": 0,
          "attributes": {
            "acceleration_status": "",
            "acl": "private",
            "arn": "arn:aws:s3:::demo-codebuild-cache-9urfa0u8",
            "bucket": "demo-codebuild-cache-9urfa0u8",
            "bucket_domain_name": "demo-codebuild-cache-9urfa0u8.s3.amazonaws.com",
            "bucket_prefix": null,
            "bucket_regional_domain_name": "demo-codebuild-cache-9urfa0u8.s3.ap-northeast-2.amazonaws.com",
            "cors_rule": [],
            "force_destroy": false,
            "grant": [],
            "hosted_zone_id": "Z3W03O7B5YMIYP",
            "id": "demo-codebuild-cache-9urfa0u8",
            "lifecycle_rule": [],
            "logging": [],
            "object_lock_configuration": [],
            "policy": null,
            "region": "ap-northeast-2",
            "replication_configuration": [],
            "request_payer": "BucketOwner",
            "server_side_encryption_configuration": [],
            "tags": {},
            "tags_all": {},
            "versioning": [
              {
                "enabled": false,
                "mfa_delete": false
              }
            ],
            "website": [],
            "website_domain": null,
            "website_endpoint": null
          },
          "sensitive_attributes": [],
          "private": "bnVsbA==",
          "dependencies": [
            "random_string.random"
          ]
        }
      ]
    },
    {
      "mode": "managed",
      "type": "aws_s3_bucket",
      "name": "demo-artifacts",
      "provider": "provider[\"registry.terraform.io/hashicorp/aws\"]",
      "instances": [
        {
          "schema_version": 0,
          "attributes": {
            "acceleration_status": "",
            "acl": "private",
            "arn": "arn:aws:s3:::demo-artifacts-9urfa0u8",
            "bucket": "demo-artifacts-9urfa0u8",
            "bucket_domain_name": "demo-artifacts-9urfa0u8.s3.amazonaws.com",
            "bucket_prefix": null,
            "bucket_regional_domain_name": "demo-artifacts-9urfa0u8.s3.ap-northeast-2.amazonaws.com",
            "cors_rule": [],
            "force_destroy": true,
            "grant": [],
            "hosted_zone_id": "Z3W03O7B5YMIYP",
            "id": "demo-artifacts-9urfa0u8",
            "lifecycle_rule": [
              {
                "abort_incomplete_multipart_upload_days": 0,
                "enabled": true,
                "expiration": [
                  {
                    "date": "",
                    "days": 30,
                    "expired_object_delete_marker": false
                  }
                ],
                "id": "clean-up",
                "noncurrent_version_expiration": [],
                "noncurrent_version_transition": [],
                "prefix": "",
                "tags": {},
                "transition": []
              }
            ],
            "logging": [],
            "object_lock_configuration": [],
            "policy": null,
            "region": "ap-northeast-2",
            "replication_configuration": [],
            "request_payer": "BucketOwner",
            "server_side_encryption_configuration": [],
            "tags": {},
            "tags_all": {},
            "versioning": [
              {
                "enabled": false,
                "mfa_delete": false
              }
            ],
            "website": [],
            "website_domain": null,
            "website_endpoint": null
          },
          "sensitive_attributes": [],
          "private": "bnVsbA==",
          "dependencies": [
            "random_string.random"
          ]
        }
      ]
    },
    {
      "mode": "managed",
      "type": "aws_s3_bucket",
      "name": "images",
      "provider": "provider[\"registry.terraform.io/hashicorp/aws\"]",
      "instances": [
        {
          "schema_version": 0,
          "attributes": {
            "acceleration_status": "",
            "acl": "public-read-write",
            "arn": "arn:aws:s3:::images-ingangdamoa",
            "bucket": "images-ingangdamoa",
            "bucket_domain_name": "images-ingangdamoa.s3.amazonaws.com",
            "bucket_prefix": null,
            "bucket_regional_domain_name": "images-ingangdamoa.s3.ap-northeast-2.amazonaws.com",
            "cors_rule": [],
            "force_destroy": true,
            "grant": [],
            "hosted_zone_id": "Z3W03O7B5YMIYP",
            "id": "images-ingangdamoa",
            "lifecycle_rule": [],
            "logging": [],
            "object_lock_configuration": [],
            "policy": null,
            "region": "ap-northeast-2",
            "replication_configuration": [],
            "request_payer": "BucketOwner",
            "server_side_encryption_configuration": [],
            "tags": {},
            "tags_all": {},
            "versioning": [
              {
                "enabled": false,
                "mfa_delete": false
              }
            ],
            "website": [],
            "website_domain": null,
            "website_endpoint": null
          },
          "sensitive_attributes": [],
          "private": "bnVsbA=="
        }
      ]
    },
    {
      "mode": "managed",
      "type": "aws_s3_bucket_policy",
      "name": "images",
      "provider": "provider[\"registry.terraform.io/hashicorp/aws\"]",
      "instances": [
        {
          "schema_version": 0,
          "attributes": {
            "bucket": "images-ingangdamoa",
            "id": "images-ingangdamoa",
            "policy": "{\"Version\":\"2012-10-17\",\"Id\":\"MYBUCKETPOLICY\",\"Statement\":[{\"Sid\":\"PublicReadGetObject\",\"Effect\":\"Allow\",\"Principal\":\"*\",\"Action\":[\"s3:GetObject\",\"s3:DeleteObject\",\"s3:PutObject\"],\"Resource\":[\"arn:aws:s3:::images-ingangdamoa\",\"arn:aws:s3:::images-ingangdamoa/*\"]}]}"
          },
          "sensitive_attributes": [],
          "private": "bnVsbA==",
          "dependencies": [
            "aws_s3_bucket.images"
          ]
        }
      ]
    },
    {
      "mode": "managed",
      "type": "aws_security_group",
      "name": "db_instance",
      "provider": "provider[\"registry.terraform.io/hashicorp/aws\"]",
      "instances": [
        {
          "schema_version": 1,
          "attributes": {
            "arn": "arn:aws:ec2:ap-northeast-2:352485268054:security-group/sg-0f0720ef23f7a97c7",
            "description": "Managed by Terraform",
            "egress": [
              {
                "cidr_blocks": [
                  "0.0.0.0/0"
                ],
                "description": "",
                "from_port": 0,
                "ipv6_cidr_blocks": [],
                "prefix_list_ids": [],
                "protocol": "-1",
                "security_groups": [],
                "self": false,
                "to_port": 0
              }
            ],
            "id": "sg-0f0720ef23f7a97c7",
            "ingress": [
              {
                "cidr_blocks": [
                  "0.0.0.0/0"
                ],
                "description": "",
                "from_port": 3306,
                "ipv6_cidr_blocks": [],
                "prefix_list_ids": [],
                "protocol": "tcp",
                "security_groups": [],
                "self": false,
                "to_port": 3306
              }
            ],
            "name": "mysqldb",
            "name_prefix": "",
            "owner_id": "352485268054",
            "revoke_rules_on_delete": false,
            "tags": {},
            "tags_all": {},
            "timeouts": null,
            "vpc_id": "vpc-0af030d5401e69fc3"
          },
          "sensitive_attributes": [],
          "private": "eyJlMmJmYjczMC1lY2FhLTExZTYtOGY4OC0zNDM2M2JjN2M0YzAiOnsiY3JlYXRlIjo2MDAwMDAwMDAwMDAsImRlbGV0ZSI6OTAwMDAwMDAwMDAwfSwic2NoZW1hX3ZlcnNpb24iOiIxIn0=",
          "dependencies": [
            "module.vpc.aws_vpc.this"
          ]
        }
      ]
    },
    {
      "mode": "managed",
      "type": "aws_security_group",
      "name": "launchConfig",
      "provider": "provider[\"registry.terraform.io/hashicorp/aws\"]",
      "instances": [
        {
          "schema_version": 1,
          "attributes": {
            "arn": "arn:aws:ec2:ap-northeast-2:352485268054:security-group/sg-0fc1b7826ea4fe239",
            "description": "launchConfig",
            "egress": [
              {
                "cidr_blocks": [
                  "0.0.0.0/0"
                ],
                "description": "",
                "from_port": 0,
                "ipv6_cidr_blocks": [],
                "prefix_list_ids": [],
                "protocol": "-1",
                "security_groups": [],
                "self": false,
                "to_port": 0
              }
            ],
            "id": "sg-0fc1b7826ea4fe239",
            "ingress": [
              {
                "cidr_blocks": [],
                "description": "",
                "from_port": 8080,
                "ipv6_cidr_blocks": [],
                "prefix_list_ids": [],
                "protocol": "tcp",
                "security_groups": [
                  "sg-01582a8c28a2cf6ca"
                ],
                "self": false,
                "to_port": 8080
              }
            ],
            "name": "launchConfig",
            "name_prefix": "",
            "owner_id": "352485268054",
            "revoke_rules_on_delete": false,
            "tags": {},
            "tags_all": {},
            "timeouts": null,
            "vpc_id": "vpc-0af030d5401e69fc3"
          },
          "sensitive_attributes": [],
          "private": "eyJlMmJmYjczMC1lY2FhLTExZTYtOGY4OC0zNDM2M2JjN2M0YzAiOnsiY3JlYXRlIjo2MDAwMDAwMDAwMDAsImRlbGV0ZSI6OTAwMDAwMDAwMDAwfSwic2NoZW1hX3ZlcnNpb24iOiIxIn0=",
          "dependencies": [
            "module.vpc.aws_vpc.this"
          ],
          "create_before_destroy": true
        }
      ]
    },
    {
      "mode": "managed",
      "type": "aws_security_group",
      "name": "lb_sg",
      "provider": "provider[\"registry.terraform.io/hashicorp/aws\"]",
      "instances": [
        {
          "schema_version": 1,
          "attributes": {
            "arn": "arn:aws:ec2:ap-northeast-2:352485268054:security-group/sg-01582a8c28a2cf6ca",
            "description": "load balancer security group",
            "egress": [
              {
                "cidr_blocks": [
                  "0.0.0.0/0"
                ],
                "description": "for all outgoing traffics",
                "from_port": 0,
                "ipv6_cidr_blocks": [
                  "::/0"
                ],
                "prefix_list_ids": [],
                "protocol": "-1",
                "security_groups": [],
                "self": false,
                "to_port": 0
              }
            ],
            "id": "sg-01582a8c28a2cf6ca",
            "ingress": [
              {
                "cidr_blocks": [
                  "0.0.0.0/0"
                ],
                "description": "TLS from VPC",
                "from_port": 80,
                "ipv6_cidr_blocks": [],
                "prefix_list_ids": [],
                "protocol": "tcp",
                "security_groups": [],
                "self": false,
                "to_port": 80
              }
            ],
            "name": "demo-lb20220318131032575400000002",
            "name_prefix": "demo-lb",
            "owner_id": "352485268054",
            "revoke_rules_on_delete": false,
            "tags": {},
            "tags_all": {},
            "timeouts": null,
            "vpc_id": "vpc-0af030d5401e69fc3"
          },
          "sensitive_attributes": [],
          "private": "eyJlMmJmYjczMC1lY2FhLTExZTYtOGY4OC0zNDM2M2JjN2M0YzAiOnsiY3JlYXRlIjo2MDAwMDAwMDAwMDAsImRlbGV0ZSI6OTAwMDAwMDAwMDAwfSwic2NoZW1hX3ZlcnNpb24iOiIxIn0=",
          "dependencies": [
            "module.vpc.aws_vpc.this"
          ],
          "create_before_destroy": true
        }
      ]
    },
    {
      "mode": "managed",
      "type": "aws_security_group",
      "name": "redis",
      "provider": "provider[\"registry.terraform.io/hashicorp/aws\"]",
      "instances": [
        {
          "schema_version": 1,
          "attributes": {
            "arn": "arn:aws:ec2:ap-northeast-2:352485268054:security-group/sg-06456ed2661156f31",
            "description": "redis_security_group",
            "egress": [
              {
                "cidr_blocks": [
                  "0.0.0.0/0"
                ],
                "description": "",
                "from_port": 0,
                "ipv6_cidr_blocks": [],
                "prefix_list_ids": [],
                "protocol": "-1",
                "security_groups": [],
                "self": false,
                "to_port": 0
              }
            ],
            "id": "sg-06456ed2661156f31",
            "ingress": [
              {
                "cidr_blocks": [],
                "description": "",
                "from_port": 6379,
                "ipv6_cidr_blocks": [],
                "prefix_list_ids": [],
                "protocol": "tcp",
                "security_groups": [
                  "sg-0fc1b7826ea4fe239"
                ],
                "self": false,
                "to_port": 6379
              }
            ],
            "name": "demo-redis-sg",
            "name_prefix": "",
            "owner_id": "352485268054",
            "revoke_rules_on_delete": false,
            "tags": {},
            "tags_all": {},
            "timeouts": null,
            "vpc_id": "vpc-0af030d5401e69fc3"
          },
          "sensitive_attributes": [],
          "private": "eyJlMmJmYjczMC1lY2FhLTExZTYtOGY4OC0zNDM2M2JjN2M0YzAiOnsiY3JlYXRlIjo2MDAwMDAwMDAwMDAsImRlbGV0ZSI6OTAwMDAwMDAwMDAwfSwic2NoZW1hX3ZlcnNpb24iOiIxIn0=",
          "dependencies": [
            "module.vpc.aws_vpc.this"
          ]
        }
      ]
    },
    {
      "mode": "managed",
      "type": "aws_security_group_rule",
      "name": "allow_db_egrss_access",
      "provider": "provider[\"registry.terraform.io/hashicorp/aws\"]",
      "instances": [
        {
          "schema_version": 2,
          "attributes": {
            "cidr_blocks": [
              "0.0.0.0/0"
            ],
            "description": "",
            "from_port": 0,
            "id": "sgrule-3604432327",
            "ipv6_cidr_blocks": [],
            "prefix_list_ids": [],
            "protocol": "-1",
            "security_group_id": "sg-0f0720ef23f7a97c7",
            "self": false,
            "source_security_group_id": null,
            "to_port": 0,
            "type": "egress"
          },
          "sensitive_attributes": [],
          "private": "eyJzY2hlbWFfdmVyc2lvbiI6IjIifQ==",
          "dependencies": [
            "aws_security_group.db_instance",
            "module.vpc.aws_vpc.this"
          ]
        }
      ]
    },
    {
      "mode": "managed",
      "type": "aws_security_group_rule",
      "name": "allow_db_ingress_access",
      "provider": "provider[\"registry.terraform.io/hashicorp/aws\"]",
      "instances": [
        {
          "schema_version": 2,
          "attributes": {
            "cidr_blocks": [
              "0.0.0.0/0"
            ],
            "description": "",
            "from_port": 3306,
            "id": "sgrule-2576133590",
            "ipv6_cidr_blocks": [],
            "prefix_list_ids": [],
            "protocol": "tcp",
            "security_group_id": "sg-0f0720ef23f7a97c7",
            "self": false,
            "source_security_group_id": null,
            "to_port": 3306,
            "type": "ingress"
          },
          "sensitive_attributes": [],
          "private": "eyJzY2hlbWFfdmVyc2lvbiI6IjIifQ==",
          "dependencies": [
            "module.vpc.aws_vpc.this",
            "aws_security_group.db_instance"
          ]
        }
      ]
    },
    {
      "mode": "managed",
      "type": "aws_security_group_rule",
      "name": "allow_lc_egrss_access",
      "provider": "provider[\"registry.terraform.io/hashicorp/aws\"]",
      "instances": [
        {
          "schema_version": 2,
          "attributes": {
            "cidr_blocks": [
              "0.0.0.0/0"
            ],
            "description": "",
            "from_port": 0,
            "id": "sgrule-2719281567",
            "ipv6_cidr_blocks": [],
            "prefix_list_ids": [],
            "protocol": "-1",
            "security_group_id": "sg-0fc1b7826ea4fe239",
            "self": false,
            "source_security_group_id": null,
            "to_port": 0,
            "type": "egress"
          },
          "sensitive_attributes": [],
          "private": "eyJzY2hlbWFfdmVyc2lvbiI6IjIifQ==",
          "dependencies": [
            "module.vpc.aws_vpc.this",
            "aws_security_group.launchConfig"
          ]
        }
      ]
    },
    {
      "mode": "managed",
      "type": "aws_security_group_rule",
      "name": "allow_lc_ingress_access",
      "provider": "provider[\"registry.terraform.io/hashicorp/aws\"]",
      "instances": [
        {
          "schema_version": 2,
          "attributes": {
            "cidr_blocks": [],
            "description": "",
            "from_port": 8080,
            "id": "sgrule-3087109993",
            "ipv6_cidr_blocks": [],
            "prefix_list_ids": [],
            "protocol": "tcp",
            "security_group_id": "sg-0fc1b7826ea4fe239",
            "self": false,
            "source_security_group_id": "sg-01582a8c28a2cf6ca",
            "to_port": 8080,
            "type": "ingress"
          },
          "sensitive_attributes": [],
          "private": "eyJzY2hlbWFfdmVyc2lvbiI6IjIifQ==",
          "dependencies": [
            "aws_security_group.lb_sg",
            "module.vpc.aws_vpc.this",
            "aws_security_group.launchConfig"
          ]
        }
      ]
    },
    {
      "mode": "managed",
      "type": "aws_security_group_rule",
      "name": "allow_redis_egrss_access",
      "provider": "provider[\"registry.terraform.io/hashicorp/aws\"]",
      "instances": [
        {
          "schema_version": 2,
          "attributes": {
            "cidr_blocks": [
              "0.0.0.0/0"
            ],
            "description": "",
            "from_port": 0,
            "id": "sgrule-3295114930",
            "ipv6_cidr_blocks": [],
            "prefix_list_ids": [],
            "protocol": "-1",
            "security_group_id": "sg-06456ed2661156f31",
            "self": false,
            "source_security_group_id": null,
            "to_port": 0,
            "type": "egress"
          },
          "sensitive_attributes": [],
          "private": "eyJzY2hlbWFfdmVyc2lvbiI6IjIifQ==",
          "dependencies": [
            "aws_security_group.redis",
            "module.vpc.aws_vpc.this"
          ]
        }
      ]
    },
    {
      "mode": "managed",
      "type": "aws_security_group_rule",
      "name": "allow_redis_ingress_access",
      "provider": "provider[\"registry.terraform.io/hashicorp/aws\"]",
      "instances": [
        {
          "schema_version": 2,
          "attributes": {
            "cidr_blocks": [],
            "description": "",
            "from_port": 6379,
            "id": "sgrule-3236226581",
            "ipv6_cidr_blocks": [],
            "prefix_list_ids": [],
            "protocol": "tcp",
            "security_group_id": "sg-06456ed2661156f31",
            "self": false,
            "source_security_group_id": "sg-0fc1b7826ea4fe239",
            "to_port": 6379,
            "type": "ingress"
          },
          "sensitive_attributes": [],
          "private": "eyJzY2hlbWFfdmVyc2lvbiI6IjIifQ==",
          "dependencies": [
            "aws_security_group.launchConfig",
            "aws_security_group.redis",
            "module.vpc.aws_vpc.this"
          ]
        }
      ]
    },
    {
      "mode": "managed",
      "type": "random_string",
      "name": "random",
      "provider": "provider[\"registry.terraform.io/hashicorp/random\"]",
      "instances": [
        {
          "schema_version": 1,
          "attributes": {
            "id": "9urfa0u8",
            "keepers": null,
            "length": 8,
            "lower": true,
            "min_lower": 0,
            "min_numeric": 0,
            "min_special": 0,
            "min_upper": 0,
            "number": true,
            "override_special": null,
            "result": "9urfa0u8",
            "special": false,
            "upper": false
          },
          "sensitive_attributes": [],
          "private": "eyJzY2hlbWFfdmVyc2lvbiI6IjEifQ=="
        }
      ]
    },
    {
      "module": "module.vpc",
      "mode": "managed",
      "type": "aws_internet_gateway",
      "name": "this",
      "provider": "provider[\"registry.terraform.io/hashicorp/aws\"]",
      "instances": [
        {
          "index_key": 0,
          "schema_version": 0,
          "attributes": {
            "arn": "arn:aws:ec2:ap-northeast-2:352485268054:internet-gateway/igw-073e9d28271a3ed26",
            "id": "igw-073e9d28271a3ed26",
            "owner_id": "352485268054",
            "tags": {
              "Name": "terraform-cloudpipeline-demo"
            },
            "tags_all": {
              "Name": "terraform-cloudpipeline-demo"
            },
            "vpc_id": "vpc-0af030d5401e69fc3"
          },
          "sensitive_attributes": [],
          "private": "bnVsbA==",
          "dependencies": [
            "module.vpc.aws_vpc.this",
            "module.vpc.aws_vpc_ipv4_cidr_block_association.this"
          ]
        }
      ]
    },
    {
      "module": "module.vpc",
      "mode": "managed",
      "type": "aws_route",
      "name": "public_internet_gateway",
      "provider": "provider[\"registry.terraform.io/hashicorp/aws\"]",
      "instances": [
        {
          "index_key": 0,
          "schema_version": 0,
          "attributes": {
            "carrier_gateway_id": "",
            "destination_cidr_block": "0.0.0.0/0",
            "destination_ipv6_cidr_block": "",
            "destination_prefix_list_id": "",
            "egress_only_gateway_id": "",
            "gateway_id": "igw-073e9d28271a3ed26",
            "id": "r-rtb-0e9bdc975c2abd67c1080289494",
            "instance_id": "",
            "instance_owner_id": "",
            "local_gateway_id": "",
            "nat_gateway_id": "",
            "network_interface_id": "",
            "origin": "CreateRoute",
            "route_table_id": "rtb-0e9bdc975c2abd67c",
            "state": "active",
            "timeouts": {
              "create": "5m",
              "delete": null
            },
            "transit_gateway_id": "",
            "vpc_endpoint_id": "",
            "vpc_peering_connection_id": ""
          },
          "sensitive_attributes": [],
          "private": "eyJlMmJmYjczMC1lY2FhLTExZTYtOGY4OC0zNDM2M2JjN2M0YzAiOnsiY3JlYXRlIjozMDAwMDAwMDAwMDAsImRlbGV0ZSI6MzAwMDAwMDAwMDAwfX0=",
          "dependencies": [
            "module.vpc.aws_internet_gateway.this",
            "module.vpc.aws_route_table.public",
            "module.vpc.aws_vpc.this",
            "module.vpc.aws_vpc_ipv4_cidr_block_association.this"
          ]
        }
      ]
    },
    {
      "module": "module.vpc",
      "mode": "managed",
      "type": "aws_route_table",
      "name": "private",
      "provider": "provider[\"registry.terraform.io/hashicorp/aws\"]",
      "instances": [
        {
          "index_key": 0,
          "schema_version": 0,
          "attributes": {
            "arn": "arn:aws:ec2:ap-northeast-2:352485268054:route-table/rtb-0bdc7399577482b49",
            "id": "rtb-0bdc7399577482b49",
            "owner_id": "352485268054",
            "propagating_vgws": [],
            "route": [],
            "tags": {
              "Name": "terraform-cloudpipeline-demo"
            },
            "tags_all": {
              "Name": "terraform-cloudpipeline-demo"
            },
            "vpc_id": "vpc-0af030d5401e69fc3"
          },
          "sensitive_attributes": [],
          "private": "bnVsbA==",
          "dependencies": [
            "module.vpc.aws_vpc.this",
            "module.vpc.aws_vpc_ipv4_cidr_block_association.this",
            "data.aws_availability_zones.available"
          ]
        },
        {
          "index_key": 1,
          "schema_version": 0,
          "attributes": {
            "arn": "arn:aws:ec2:ap-northeast-2:352485268054:route-table/rtb-031e001fe4968e2b5",
            "id": "rtb-031e001fe4968e2b5",
            "owner_id": "352485268054",
            "propagating_vgws": [],
            "route": [],
            "tags": {
              "Name": "terraform-cloudpipeline-demo"
            },
            "tags_all": {
              "Name": "terraform-cloudpipeline-demo"
            },
            "vpc_id": "vpc-0af030d5401e69fc3"
          },
          "sensitive_attributes": [],
          "private": "bnVsbA==",
          "dependencies": [
            "data.aws_availability_zones.available",
            "module.vpc.aws_vpc.this",
            "module.vpc.aws_vpc_ipv4_cidr_block_association.this"
          ]
        },
        {
          "index_key": 2,
          "schema_version": 0,
          "attributes": {
            "arn": "arn:aws:ec2:ap-northeast-2:352485268054:route-table/rtb-0d46470fcc80a6755",
            "id": "rtb-0d46470fcc80a6755",
            "owner_id": "352485268054",
            "propagating_vgws": [],
            "route": [],
            "tags": {
              "Name": "terraform-cloudpipeline-demo"
            },
            "tags_all": {
              "Name": "terraform-cloudpipeline-demo"
            },
            "vpc_id": "vpc-0af030d5401e69fc3"
          },
          "sensitive_attributes": [],
          "private": "bnVsbA==",
          "dependencies": [
            "module.vpc.aws_vpc_ipv4_cidr_block_association.this",
            "data.aws_availability_zones.available",
            "module.vpc.aws_vpc.this"
          ]
        }
      ]
    },
    {
      "module": "module.vpc",
      "mode": "managed",
      "type": "aws_route_table",
      "name": "public",
      "provider": "provider[\"registry.terraform.io/hashicorp/aws\"]",
      "instances": [
        {
          "index_key": 0,
          "schema_version": 0,
          "attributes": {
            "arn": "arn:aws:ec2:ap-northeast-2:352485268054:route-table/rtb-0e9bdc975c2abd67c",
            "id": "rtb-0e9bdc975c2abd67c",
            "owner_id": "352485268054",
            "propagating_vgws": [],
            "route": [
              {
                "carrier_gateway_id": "",
                "cidr_block": "0.0.0.0/0",
                "destination_prefix_list_id": "",
                "egress_only_gateway_id": "",
                "gateway_id": "igw-073e9d28271a3ed26",
                "instance_id": "",
                "ipv6_cidr_block": "",
                "local_gateway_id": "",
                "nat_gateway_id": "",
                "network_interface_id": "",
                "transit_gateway_id": "",
                "vpc_endpoint_id": "",
                "vpc_peering_connection_id": ""
              }
            ],
            "tags": {
              "Name": "terraform-cloudpipeline-demo"
            },
            "tags_all": {
              "Name": "terraform-cloudpipeline-demo"
            },
            "vpc_id": "vpc-0af030d5401e69fc3"
          },
          "sensitive_attributes": [],
          "private": "bnVsbA==",
          "dependencies": [
            "module.vpc.aws_vpc_ipv4_cidr_block_association.this",
            "module.vpc.aws_vpc.this"
          ]
        }
      ]
    },
    {
      "module": "module.vpc",
      "mode": "managed",
      "type": "aws_route_table_association",
      "name": "private",
      "provider": "provider[\"registry.terraform.io/hashicorp/aws\"]",
      "instances": [
        {
          "index_key": 0,
          "schema_version": 0,
          "attributes": {
            "gateway_id": "",
            "id": "rtbassoc-0f77faeddc6e440d1",
            "route_table_id": "rtb-0bdc7399577482b49",
            "subnet_id": "subnet-095b32ff4ae075f43"
          },
          "sensitive_attributes": [],
          "private": "bnVsbA==",
          "dependencies": [
            "module.vpc.aws_vpc.this",
            "module.vpc.aws_vpc_ipv4_cidr_block_association.this",
            "data.aws_availability_zones.available",
            "module.vpc.aws_route_table.private",
            "module.vpc.aws_subnet.private"
          ]
        },
        {
          "index_key": 1,
          "schema_version": 0,
          "attributes": {
            "gateway_id": "",
            "id": "rtbassoc-034adc94195fcc477",
            "route_table_id": "rtb-031e001fe4968e2b5",
            "subnet_id": "subnet-0e8c199e3bd5ed3f4"
          },
          "sensitive_attributes": [],
          "private": "bnVsbA==",
          "dependencies": [
            "data.aws_availability_zones.available",
            "module.vpc.aws_route_table.private",
            "module.vpc.aws_subnet.private",
            "module.vpc.aws_vpc.this",
            "module.vpc.aws_vpc_ipv4_cidr_block_association.this"
          ]
        },
        {
          "index_key": 2,
          "schema_version": 0,
          "attributes": {
            "gateway_id": "",
            "id": "rtbassoc-0b8e6770dc2e08ec2",
            "route_table_id": "rtb-0d46470fcc80a6755",
            "subnet_id": "subnet-01c9eb1c0a9d7a0af"
          },
          "sensitive_attributes": [],
          "private": "bnVsbA==",
          "dependencies": [
            "module.vpc.aws_route_table.private",
            "module.vpc.aws_subnet.private",
            "module.vpc.aws_vpc.this",
            "module.vpc.aws_vpc_ipv4_cidr_block_association.this",
            "data.aws_availability_zones.available"
          ]
        }
      ]
    },
    {
      "module": "module.vpc",
      "mode": "managed",
      "type": "aws_route_table_association",
      "name": "public",
      "provider": "provider[\"registry.terraform.io/hashicorp/aws\"]",
      "instances": [
        {
          "index_key": 0,
          "schema_version": 0,
          "attributes": {
            "gateway_id": "",
            "id": "rtbassoc-0e40aca764918223d",
            "route_table_id": "rtb-0e9bdc975c2abd67c",
            "subnet_id": "subnet-060d89983dd1aa152"
          },
          "sensitive_attributes": [],
          "private": "bnVsbA==",
          "dependencies": [
            "module.vpc.aws_subnet.public",
            "module.vpc.aws_vpc.this",
            "module.vpc.aws_vpc_ipv4_cidr_block_association.this",
            "data.aws_availability_zones.available",
            "module.vpc.aws_route_table.public"
          ]
        },
        {
          "index_key": 1,
          "schema_version": 0,
          "attributes": {
            "gateway_id": "",
            "id": "rtbassoc-010d65080d0f8d7e3",
            "route_table_id": "rtb-0e9bdc975c2abd67c",
            "subnet_id": "subnet-0e8b176e40904e06f"
          },
          "sensitive_attributes": [],
          "private": "bnVsbA==",
          "dependencies": [
            "data.aws_availability_zones.available",
            "module.vpc.aws_route_table.public",
            "module.vpc.aws_subnet.public",
            "module.vpc.aws_vpc.this",
            "module.vpc.aws_vpc_ipv4_cidr_block_association.this"
          ]
        },
        {
          "index_key": 2,
          "schema_version": 0,
          "attributes": {
            "gateway_id": "",
            "id": "rtbassoc-03212950a1913c15a",
            "route_table_id": "rtb-0e9bdc975c2abd67c",
            "subnet_id": "subnet-04567ad99be8a1c6c"
          },
          "sensitive_attributes": [],
          "private": "bnVsbA==",
          "dependencies": [
            "data.aws_availability_zones.available",
            "module.vpc.aws_route_table.public",
            "module.vpc.aws_subnet.public",
            "module.vpc.aws_vpc.this",
            "module.vpc.aws_vpc_ipv4_cidr_block_association.this"
          ]
        }
      ]
    },
    {
      "module": "module.vpc",
      "mode": "managed",
      "type": "aws_subnet",
      "name": "private",
      "provider": "provider[\"registry.terraform.io/hashicorp/aws\"]",
      "instances": [
        {
          "index_key": 0,
          "schema_version": 1,
          "attributes": {
            "arn": "arn:aws:ec2:ap-northeast-2:352485268054:subnet/subnet-095b32ff4ae075f43",
            "assign_ipv6_address_on_creation": false,
            "availability_zone": "ap-northeast-2a",
            "availability_zone_id": "apne2-az1",
            "cidr_block": "10.0.1.0/24",
            "customer_owned_ipv4_pool": "",
            "id": "subnet-095b32ff4ae075f43",
            "ipv6_cidr_block": "",
            "ipv6_cidr_block_association_id": "",
            "map_customer_owned_ip_on_launch": false,
            "map_public_ip_on_launch": false,
            "outpost_arn": "",
            "owner_id": "352485268054",
            "tags": {
              "Name": "terraform-cloudpipeline-demo"
            },
            "tags_all": {
              "Name": "terraform-cloudpipeline-demo"
            },
            "timeouts": null,
            "vpc_id": "vpc-0af030d5401e69fc3"
          },
          "sensitive_attributes": [],
          "private": "eyJlMmJmYjczMC1lY2FhLTExZTYtOGY4OC0zNDM2M2JjN2M0YzAiOnsiY3JlYXRlIjo2MDAwMDAwMDAwMDAsImRlbGV0ZSI6MTIwMDAwMDAwMDAwMH0sInNjaGVtYV92ZXJzaW9uIjoiMSJ9",
          "dependencies": [
            "module.vpc.aws_vpc.this",
            "module.vpc.aws_vpc_ipv4_cidr_block_association.this",
            "data.aws_availability_zones.available"
          ]
        },
        {
          "index_key": 1,
          "schema_version": 1,
          "attributes": {
            "arn": "arn:aws:ec2:ap-northeast-2:352485268054:subnet/subnet-0e8c199e3bd5ed3f4",
            "assign_ipv6_address_on_creation": false,
            "availability_zone": "ap-northeast-2b",
            "availability_zone_id": "apne2-az2",
            "cidr_block": "10.0.2.0/24",
            "customer_owned_ipv4_pool": "",
            "id": "subnet-0e8c199e3bd5ed3f4",
            "ipv6_cidr_block": "",
            "ipv6_cidr_block_association_id": "",
            "map_customer_owned_ip_on_launch": false,
            "map_public_ip_on_launch": false,
            "outpost_arn": "",
            "owner_id": "352485268054",
            "tags": {
              "Name": "terraform-cloudpipeline-demo"
            },
            "tags_all": {
              "Name": "terraform-cloudpipeline-demo"
            },
            "timeouts": null,
            "vpc_id": "vpc-0af030d5401e69fc3"
          },
          "sensitive_attributes": [],
          "private": "eyJlMmJmYjczMC1lY2FhLTExZTYtOGY4OC0zNDM2M2JjN2M0YzAiOnsiY3JlYXRlIjo2MDAwMDAwMDAwMDAsImRlbGV0ZSI6MTIwMDAwMDAwMDAwMH0sInNjaGVtYV92ZXJzaW9uIjoiMSJ9",
          "dependencies": [
            "data.aws_availability_zones.available",
            "module.vpc.aws_vpc.this",
            "module.vpc.aws_vpc_ipv4_cidr_block_association.this"
          ]
        },
        {
          "index_key": 2,
          "schema_version": 1,
          "attributes": {
            "arn": "arn:aws:ec2:ap-northeast-2:352485268054:subnet/subnet-01c9eb1c0a9d7a0af",
            "assign_ipv6_address_on_creation": false,
            "availability_zone": "ap-northeast-2c",
            "availability_zone_id": "apne2-az3",
            "cidr_block": "10.0.3.0/24",
            "customer_owned_ipv4_pool": "",
            "id": "subnet-01c9eb1c0a9d7a0af",
            "ipv6_cidr_block": "",
            "ipv6_cidr_block_association_id": "",
            "map_customer_owned_ip_on_launch": false,
            "map_public_ip_on_launch": false,
            "outpost_arn": "",
            "owner_id": "352485268054",
            "tags": {
              "Name": "terraform-cloudpipeline-demo"
            },
            "tags_all": {
              "Name": "terraform-cloudpipeline-demo"
            },
            "timeouts": null,
            "vpc_id": "vpc-0af030d5401e69fc3"
          },
          "sensitive_attributes": [],
          "private": "eyJlMmJmYjczMC1lY2FhLTExZTYtOGY4OC0zNDM2M2JjN2M0YzAiOnsiY3JlYXRlIjo2MDAwMDAwMDAwMDAsImRlbGV0ZSI6MTIwMDAwMDAwMDAwMH0sInNjaGVtYV92ZXJzaW9uIjoiMSJ9",
          "dependencies": [
            "data.aws_availability_zones.available",
            "module.vpc.aws_vpc.this",
            "module.vpc.aws_vpc_ipv4_cidr_block_association.this"
          ]
        }
      ]
    },
    {
      "module": "module.vpc",
      "mode": "managed",
      "type": "aws_subnet",
      "name": "public",
      "provider": "provider[\"registry.terraform.io/hashicorp/aws\"]",
      "instances": [
        {
          "index_key": 0,
          "schema_version": 1,
          "attributes": {
            "arn": "arn:aws:ec2:ap-northeast-2:352485268054:subnet/subnet-060d89983dd1aa152",
            "assign_ipv6_address_on_creation": false,
            "availability_zone": "ap-northeast-2a",
            "availability_zone_id": "apne2-az1",
            "cidr_block": "10.0.101.0/24",
            "customer_owned_ipv4_pool": "",
            "id": "subnet-060d89983dd1aa152",
            "ipv6_cidr_block": "",
            "ipv6_cidr_block_association_id": "",
            "map_customer_owned_ip_on_launch": false,
            "map_public_ip_on_launch": true,
            "outpost_arn": "",
            "owner_id": "352485268054",
            "tags": {
              "Name": "terraform-cloudpipeline-demo"
            },
            "tags_all": {
              "Name": "terraform-cloudpipeline-demo"
            },
            "timeouts": null,
            "vpc_id": "vpc-0af030d5401e69fc3"
          },
          "sensitive_attributes": [],
          "private": "eyJlMmJmYjczMC1lY2FhLTExZTYtOGY4OC0zNDM2M2JjN2M0YzAiOnsiY3JlYXRlIjo2MDAwMDAwMDAwMDAsImRlbGV0ZSI6MTIwMDAwMDAwMDAwMH0sInNjaGVtYV92ZXJzaW9uIjoiMSJ9",
          "dependencies": [
            "data.aws_availability_zones.available",
            "module.vpc.aws_vpc.this",
            "module.vpc.aws_vpc_ipv4_cidr_block_association.this"
          ],
          "create_before_destroy": true
        },
        {
          "index_key": 1,
          "schema_version": 1,
          "attributes": {
            "arn": "arn:aws:ec2:ap-northeast-2:352485268054:subnet/subnet-0e8b176e40904e06f",
            "assign_ipv6_address_on_creation": false,
            "availability_zone": "ap-northeast-2b",
            "availability_zone_id": "apne2-az2",
            "cidr_block": "10.0.102.0/24",
            "customer_owned_ipv4_pool": "",
            "id": "subnet-0e8b176e40904e06f",
            "ipv6_cidr_block": "",
            "ipv6_cidr_block_association_id": "",
            "map_customer_owned_ip_on_launch": false,
            "map_public_ip_on_launch": true,
            "outpost_arn": "",
            "owner_id": "352485268054",
            "tags": {
              "Name": "terraform-cloudpipeline-demo"
            },
            "tags_all": {
              "Name": "terraform-cloudpipeline-demo"
            },
            "timeouts": null,
            "vpc_id": "vpc-0af030d5401e69fc3"
          },
          "sensitive_attributes": [],
          "private": "eyJlMmJmYjczMC1lY2FhLTExZTYtOGY4OC0zNDM2M2JjN2M0YzAiOnsiY3JlYXRlIjo2MDAwMDAwMDAwMDAsImRlbGV0ZSI6MTIwMDAwMDAwMDAwMH0sInNjaGVtYV92ZXJzaW9uIjoiMSJ9",
          "dependencies": [
            "data.aws_availability_zones.available",
            "module.vpc.aws_vpc.this",
            "module.vpc.aws_vpc_ipv4_cidr_block_association.this"
          ],
          "create_before_destroy": true
        },
        {
          "index_key": 2,
          "schema_version": 1,
          "attributes": {
            "arn": "arn:aws:ec2:ap-northeast-2:352485268054:subnet/subnet-04567ad99be8a1c6c",
            "assign_ipv6_address_on_creation": false,
            "availability_zone": "ap-northeast-2c",
            "availability_zone_id": "apne2-az3",
            "cidr_block": "10.0.103.0/24",
            "customer_owned_ipv4_pool": "",
            "id": "subnet-04567ad99be8a1c6c",
            "ipv6_cidr_block": "",
            "ipv6_cidr_block_association_id": "",
            "map_customer_owned_ip_on_launch": false,
            "map_public_ip_on_launch": true,
            "outpost_arn": "",
            "owner_id": "352485268054",
            "tags": {
              "Name": "terraform-cloudpipeline-demo"
            },
            "tags_all": {
              "Name": "terraform-cloudpipeline-demo"
            },
            "timeouts": null,
            "vpc_id": "vpc-0af030d5401e69fc3"
          },
          "sensitive_attributes": [],
          "private": "eyJlMmJmYjczMC1lY2FhLTExZTYtOGY4OC0zNDM2M2JjN2M0YzAiOnsiY3JlYXRlIjo2MDAwMDAwMDAwMDAsImRlbGV0ZSI6MTIwMDAwMDAwMDAwMH0sInNjaGVtYV92ZXJzaW9uIjoiMSJ9",
          "dependencies": [
            "data.aws_availability_zones.available",
            "module.vpc.aws_vpc.this",
            "module.vpc.aws_vpc_ipv4_cidr_block_association.this"
          ],
          "create_before_destroy": true
        }
      ]
    },
    {
      "module": "module.vpc",
      "mode": "managed",
      "type": "aws_vpc",
      "name": "this",
      "provider": "provider[\"registry.terraform.io/hashicorp/aws\"]",
      "instances": [
        {
          "index_key": 0,
          "schema_version": 1,
          "attributes": {
            "arn": "arn:aws:ec2:ap-northeast-2:352485268054:vpc/vpc-0af030d5401e69fc3",
            "assign_generated_ipv6_cidr_block": false,
            "cidr_block": "10.0.0.0/16",
            "default_network_acl_id": "acl-051eb25e53824f1c7",
            "default_route_table_id": "rtb-06769d08a0d82fcae",
            "default_security_group_id": "sg-0a3eef4e545b61e82",
            "dhcp_options_id": "dopt-848c53ef",
            "enable_classiclink": null,
            "enable_classiclink_dns_support": null,
            "enable_dns_hostnames": true,
            "enable_dns_support": true,
            "id": "vpc-0af030d5401e69fc3",
            "instance_tenancy": "default",
            "ipv6_association_id": "",
            "ipv6_cidr_block": "",
            "main_route_table_id": "rtb-06769d08a0d82fcae",
            "owner_id": "352485268054",
            "tags": {
              "Name": "terraform-cloudpipeline-demo"
            },
            "tags_all": {
              "Name": "terraform-cloudpipeline-demo"
            }
          },
          "sensitive_attributes": [],
          "private": "eyJzY2hlbWFfdmVyc2lvbiI6IjEifQ==",
          "create_before_destroy": true
        }
      ]
    }
  ]
}
